{
  "version": 4,
  "terraform_version": "1.2.5",
  "serial": 5,
  "lineage": "fe8bd54d-1ff5-651e-ed0f-1c11e27e95df",
  "outputs": {
    "aks_node_rg": {
      "value": "aks_node_resources_rg",
      "type": "string"
    }
  },
  "resources": [
    {
      "mode": "managed",
      "type": "azurerm_resource_group",
      "name": "rg",
      "provider": "provider[\"registry.terraform.io/hashicorp/azurerm\"]",
      "instances": [
        {
          "schema_version": 0,
          "attributes": {
            "id": "/subscriptions/727569fb-5294-4ca5-9005-466abf5d33f1/resourceGroups/aks_RG",
            "location": "centralindia",
            "name": "aks_RG",
            "tags": {},
            "timeouts": null
          },
          "sensitive_attributes": [],
          "private": "eyJlMmJmYjczMC1lY2FhLTExZTYtOGY4OC0zNDM2M2JjN2M0YzAiOnsiY3JlYXRlIjo1NDAwMDAwMDAwMDAwLCJkZWxldGUiOjU0MDAwMDAwMDAwMDAsInJlYWQiOjMwMDAwMDAwMDAwMCwidXBkYXRlIjo1NDAwMDAwMDAwMDAwfX0="
        }
      ]
    }
  ]
}
