{
  "version": 4,
  "terraform_version": "1.2.5",
  "serial": 11,
  "lineage": "7bbb200e-29d2-4a38-d26f-53057e17cd3d",
  "outputs": {
    "webapp_ips": {
      "value": "20.193.140.236,20.193.140.240,20.193.140.242,20.193.140.243,20.193.140.244,20.193.140.245,52.140.106.225",
      "type": "string"
    },
    "webapp_url": {
      "value": "terraform-webapp-sql.azurewebsites.net",
      "type": "string"
    }
  },
  "resources": [
    {
      "mode": "managed",
      "type": "azurerm_linux_web_app",
      "name": "app",
      "provider": "provider[\"registry.terraform.io/hashicorp/azurerm\"]",
      "instances": [
        {
          "schema_version": 0,
          "attributes": {
            "app_settings": {
              "SOME_KEY": "some-value"
            },
            "auth_settings": [
              {
                "active_directory": [],
                "additional_login_parameters": {},
                "allowed_external_redirect_urls": [],
                "default_provider": "",
                "enabled": false,
                "facebook": [],
                "github": [],
                "google": [],
                "issuer": "",
                "microsoft": [],
                "runtime_version": "",
                "token_refresh_extension_hours": 0,
                "token_store_enabled": false,
                "twitter": [],
                "unauthenticated_client_action": ""
              }
            ],
            "backup": [],
            "client_affinity_enabled": false,
            "client_certificate_enabled": false,
            "client_certificate_mode": "Required",
            "connection_string": [
              {
                "name": "Database",
                "type": "SQLAzure",
                "value": "Server=tcp:azurerm_mssql_server.sql.fully_qualified_domain_name Database=azurerm_mssql_database.db.name;User ID=azurerm_mssql_server.sql.administrator_login;Password=azurerm_mssql_server.sql.administrator_login_password;Trusted_Connection=False;Encrypt=True;"
              }
            ],
            "custom_domain_verification_id": "0F2D430A00B672896D24A03ECF00AEF966318952BC2043E8FA39D33D55C32CC8",
            "default_hostname": "terraform-webapp-sql.azurewebsites.net",
            "enabled": true,
            "https_only": false,
            "id": "/subscriptions/727569fb-5294-4ca5-9005-466abf5d33f1/resourceGroups/web-sql-db/providers/Microsoft.Web/sites/terraform-webapp-sql",
            "identity": [],
            "key_vault_reference_identity_id": "SystemAssigned",
            "kind": "app,linux",
            "location": "centralindia",
            "logs": [],
            "name": "terraform-webapp-sql",
            "outbound_ip_address_list": [
              "20.193.140.236",
              "20.193.140.240",
              "20.193.140.242",
              "20.193.140.243",
              "20.193.140.244",
              "20.193.140.245",
              "52.140.106.225"
            ],
            "outbound_ip_addresses": "20.193.140.236,20.193.140.240,20.193.140.242,20.193.140.243,20.193.140.244,20.193.140.245,52.140.106.225",
            "possible_outbound_ip_address_list": [
              "20.193.140.236",
              "20.193.140.240",
              "20.193.140.242",
              "20.193.140.243",
              "20.193.140.244",
              "20.193.140.245",
              "20.193.140.246",
              "20.193.139.248",
              "20.193.140.11",
              "20.193.140.52",
              "20.193.140.98",
              "20.193.140.247",
              "52.172.157.211",
              "52.172.163.207",
              "52.172.161.171",
              "52.172.133.177",
              "104.211.88.227",
              "52.172.160.202",
              "20.204.96.223",
              "52.172.238.229",
              "20.204.131.0",
              "20.204.131.154",
              "20.204.51.18",
              "20.204.98.135",
              "52.140.106.225"
            ],
            "possible_outbound_ip_addresses": "20.193.140.236,20.193.140.240,20.193.140.242,20.193.140.243,20.193.140.244,20.193.140.245,20.193.140.246,20.193.139.248,20.193.140.11,20.193.140.52,20.193.140.98,20.193.140.247,52.172.157.211,52.172.163.207,52.172.161.171,52.172.133.177,104.211.88.227,52.172.160.202,20.204.96.223,52.172.238.229,20.204.131.0,20.204.131.154,20.204.51.18,20.204.98.135,52.140.106.225",
            "resource_group_name": "web-sql-db",
            "service_plan_id": "/subscriptions/727569fb-5294-4ca5-9005-466abf5d33f1/resourceGroups/web-sql-db/providers/Microsoft.Web/serverfarms/appserviceplan-web-sql",
            "site_config": [
              {
                "always_on": true,
                "api_definition_url": "",
                "api_management_api_id": "",
                "app_command_line": "",
                "application_stack": [
                  {
                    "docker_image": "",
                    "docker_image_tag": "",
                    "dotnet_version": "6.0",
                    "java_server": "",
                    "java_server_version": "",
                    "java_version": "",
                    "node_version": "",
                    "php_version": "",
                    "python_version": "",
                    "ruby_version": ""
                  }
                ],
                "auto_heal_enabled": false,
                "auto_heal_setting": [],
                "container_registry_managed_identity_client_id": "",
                "container_registry_use_managed_identity": false,
                "cors": [],
                "default_documents": [
                  "Default.htm",
                  "Default.html",
                  "Default.asp",
                  "index.htm",
                  "index.html",
                  "iisstart.htm",
                  "default.aspx",
                  "index.php",
                  "hostingstart.html"
                ],
                "detailed_error_logging_enabled": false,
                "ftps_state": "Disabled",
                "health_check_eviction_time_in_min": 0,
                "health_check_path": "",
                "http2_enabled": false,
                "ip_restriction": [],
                "linux_fx_version": "DOTNETCORE|6.0",
                "load_balancing_mode": "LeastRequests",
                "local_mysql_enabled": false,
                "managed_pipeline_mode": "Integrated",
                "minimum_tls_version": "1.2",
                "remote_debugging_enabled": false,
                "remote_debugging_version": "VS2019",
                "scm_ip_restriction": [],
                "scm_minimum_tls_version": "1.2",
                "scm_type": "None",
                "scm_use_main_ip_restriction": false,
                "use_32_bit_worker": true,
                "vnet_route_all_enabled": false,
                "websockets_enabled": false,
                "worker_count": 1
              }
            ],
            "site_credential": [
              {
                "name": "$terraform-webapp-sql",
                "password": "ZQww8a8QPvnjxGT4oa69HX6GrbKkuE1WPH9A0edFhsRMoG9Aed8BvqYDrpXe"
              }
            ],
            "sticky_settings": [],
            "storage_account": [],
            "tags": {},
            "timeouts": null,
            "virtual_network_subnet_id": "",
            "zip_deploy_file": ""
          },
          "sensitive_attributes": [],
          "private": "eyJlMmJmYjczMC1lY2FhLTExZTYtOGY4OC0zNDM2M2JjN2M0YzAiOnsiY3JlYXRlIjoxODAwMDAwMDAwMDAwLCJkZWxldGUiOjE4MDAwMDAwMDAwMDAsInJlYWQiOjMwMDAwMDAwMDAwMCwidXBkYXRlIjoxODAwMDAwMDAwMDAwfX0=",
          "dependencies": [
            "azurerm_resource_group.rg",
            "azurerm_service_plan.plan"
          ]
        }
      ]
    },
    {
      "mode": "managed",
      "type": "azurerm_mssql_database",
      "name": "db",
      "provider": "provider[\"registry.terraform.io/hashicorp/azurerm\"]",
      "instances": []
    },
    {
      "mode": "managed",
      "type": "azurerm_mssql_database_extended_auditing_policy",
      "name": "policy",
      "provider": "provider[\"registry.terraform.io/hashicorp/azurerm\"]",
      "instances": []
    },
    {
      "mode": "managed",
      "type": "azurerm_resource_group",
      "name": "rg",
      "provider": "provider[\"registry.terraform.io/hashicorp/azurerm\"]",
      "instances": [
        {
          "schema_version": 0,
          "attributes": {
            "id": "/subscriptions/727569fb-5294-4ca5-9005-466abf5d33f1/resourceGroups/web-sql-db",
            "location": "centralindia",
            "name": "web-sql-db",
            "tags": {
              "environment": "preproduction"
            },
            "timeouts": null
          },
          "sensitive_attributes": [],
          "private": "eyJlMmJmYjczMC1lY2FhLTExZTYtOGY4OC0zNDM2M2JjN2M0YzAiOnsiY3JlYXRlIjo1NDAwMDAwMDAwMDAwLCJkZWxldGUiOjU0MDAwMDAwMDAwMDAsInJlYWQiOjMwMDAwMDAwMDAwMCwidXBkYXRlIjo1NDAwMDAwMDAwMDAwfX0="
        }
      ]
    },
    {
      "mode": "managed",
      "type": "azurerm_service_plan",
      "name": "plan",
      "provider": "provider[\"registry.terraform.io/hashicorp/azurerm\"]",
      "instances": [
        {
          "schema_version": 0,
          "attributes": {
            "app_service_environment_id": "",
            "id": "/subscriptions/727569fb-5294-4ca5-9005-466abf5d33f1/resourceGroups/web-sql-db/providers/Microsoft.Web/serverfarms/appserviceplan-web-sql",
            "kind": "linux",
            "location": "centralindia",
            "maximum_elastic_worker_count": 1,
            "name": "appserviceplan-web-sql",
            "os_type": "Linux",
            "per_site_scaling_enabled": false,
            "reserved": true,
            "resource_group_name": "web-sql-db",
            "sku_name": "B1",
            "tags": {},
            "timeouts": null,
            "worker_count": 1,
            "zone_balancing_enabled": false
          },
          "sensitive_attributes": [],
          "private": "eyJlMmJmYjczMC1lY2FhLTExZTYtOGY4OC0zNDM2M2JjN2M0YzAiOnsiY3JlYXRlIjozNjAwMDAwMDAwMDAwLCJkZWxldGUiOjM2MDAwMDAwMDAwMDAsInJlYWQiOjMwMDAwMDAwMDAwMCwidXBkYXRlIjozNjAwMDAwMDAwMDAwfX0=",
          "dependencies": [
            "azurerm_resource_group.rg"
          ]
        }
      ]
    },
    {
      "mode": "managed",
      "type": "azurerm_storage_account",
      "name": "storage",
      "provider": "provider[\"registry.terraform.io/hashicorp/azurerm\"]",
      "instances": [
        {
          "schema_version": 3,
          "attributes": {
            "access_tier": "Hot",
            "account_kind": "StorageV2",
            "account_replication_type": "LRS",
            "account_tier": "Standard",
            "allow_nested_items_to_be_public": true,
            "azure_files_authentication": [],
            "blob_properties": [
              {
                "change_feed_enabled": false,
                "change_feed_retention_in_days": 0,
                "container_delete_retention_policy": [],
                "cors_rule": [],
                "default_service_version": "",
                "delete_retention_policy": [],
                "last_access_time_enabled": false,
                "versioning_enabled": false
              }
            ],
            "cross_tenant_replication_enabled": true,
            "custom_domain": [],
            "customer_managed_key": [],
            "edge_zone": "",
            "enable_https_traffic_only": true,
            "id": "/subscriptions/727569fb-5294-4ca5-9005-466abf5d33f1/resourceGroups/web-sql-db/providers/Microsoft.Storage/storageAccounts/tfstorage018",
            "identity": [],
            "infrastructure_encryption_enabled": false,
            "is_hns_enabled": false,
            "large_file_share_enabled": null,
            "location": "centralindia",
            "min_tls_version": "TLS1_2",
            "name": "tfstorage018",
            "network_rules": [
              {
                "bypass": [
                  "AzureServices"
                ],
                "default_action": "Allow",
                "ip_rules": [],
                "private_link_access": [],
                "virtual_network_subnet_ids": []
              }
            ],
            "nfsv3_enabled": false,
            "primary_access_key": "E7/vqfQvJZ5j/SNiltb5/STeNcQ/zs8fi1ZcIHavKMUqhWcZNpVt20b5330dSiEv11enEPLW6nfa+ASt0f/Hgg==",
            "primary_blob_connection_string": "DefaultEndpointsProtocol=https;BlobEndpoint=https://tfstorage018.blob.core.windows.net/;AccountName=tfstorage018;AccountKey=E7/vqfQvJZ5j/SNiltb5/STeNcQ/zs8fi1ZcIHavKMUqhWcZNpVt20b5330dSiEv11enEPLW6nfa+ASt0f/Hgg==",
            "primary_blob_endpoint": "https://tfstorage018.blob.core.windows.net/",
            "primary_blob_host": "tfstorage018.blob.core.windows.net",
            "primary_connection_string": "DefaultEndpointsProtocol=https;AccountName=tfstorage018;AccountKey=E7/vqfQvJZ5j/SNiltb5/STeNcQ/zs8fi1ZcIHavKMUqhWcZNpVt20b5330dSiEv11enEPLW6nfa+ASt0f/Hgg==;EndpointSuffix=core.windows.net",
            "primary_dfs_endpoint": "https://tfstorage018.dfs.core.windows.net/",
            "primary_dfs_host": "tfstorage018.dfs.core.windows.net",
            "primary_file_endpoint": "https://tfstorage018.file.core.windows.net/",
            "primary_file_host": "tfstorage018.file.core.windows.net",
            "primary_location": "centralindia",
            "primary_queue_endpoint": "https://tfstorage018.queue.core.windows.net/",
            "primary_queue_host": "tfstorage018.queue.core.windows.net",
            "primary_table_endpoint": "https://tfstorage018.table.core.windows.net/",
            "primary_table_host": "tfstorage018.table.core.windows.net",
            "primary_web_endpoint": "https://tfstorage018.z29.web.core.windows.net/",
            "primary_web_host": "tfstorage018.z29.web.core.windows.net",
            "queue_encryption_key_type": "Service",
            "queue_properties": [
              {
                "cors_rule": [],
                "hour_metrics": [
                  {
                    "enabled": true,
                    "include_apis": true,
                    "retention_policy_days": 7,
                    "version": "1.0"
                  }
                ],
                "logging": [
                  {
                    "delete": false,
                    "read": false,
                    "retention_policy_days": 0,
                    "version": "1.0",
                    "write": false
                  }
                ],
                "minute_metrics": [
                  {
                    "enabled": false,
                    "include_apis": false,
                    "retention_policy_days": 0,
                    "version": "1.0"
                  }
                ]
              }
            ],
            "resource_group_name": "web-sql-db",
            "routing": [],
            "secondary_access_key": "tUSZiO5dfOV06WdmedDcHiSpQ7R/YnQZemYFVOtrA16BGgjYcLF5R8V9hJ46BZkzMffrLE0nYzJ1+AStRG566w==",
            "secondary_blob_connection_string": "",
            "secondary_blob_endpoint": null,
            "secondary_blob_host": null,
            "secondary_connection_string": "DefaultEndpointsProtocol=https;AccountName=tfstorage018;AccountKey=tUSZiO5dfOV06WdmedDcHiSpQ7R/YnQZemYFVOtrA16BGgjYcLF5R8V9hJ46BZkzMffrLE0nYzJ1+AStRG566w==;EndpointSuffix=core.windows.net",
            "secondary_dfs_endpoint": null,
            "secondary_dfs_host": null,
            "secondary_file_endpoint": null,
            "secondary_file_host": null,
            "secondary_location": "",
            "secondary_queue_endpoint": null,
            "secondary_queue_host": null,
            "secondary_table_endpoint": null,
            "secondary_table_host": null,
            "secondary_web_endpoint": null,
            "secondary_web_host": null,
            "share_properties": [
              {
                "cors_rule": [],
                "retention_policy": [
                  {
                    "days": 7
                  }
                ],
                "smb": []
              }
            ],
            "shared_access_key_enabled": true,
            "static_website": [],
            "table_encryption_key_type": "Service",
            "tags": {},
            "timeouts": null
          },
          "sensitive_attributes": [],
          "private": "eyJlMmJmYjczMC1lY2FhLTExZTYtOGY4OC0zNDM2M2JjN2M0YzAiOnsiY3JlYXRlIjozNjAwMDAwMDAwMDAwLCJkZWxldGUiOjM2MDAwMDAwMDAwMDAsInJlYWQiOjMwMDAwMDAwMDAwMCwidXBkYXRlIjozNjAwMDAwMDAwMDAwfSwic2NoZW1hX3ZlcnNpb24iOiIzIn0=",
          "dependencies": [
            "azurerm_resource_group.rg"
          ]
        }
      ]
    }
  ]
}
