{
  "version": 4,
  "terraform_version": "1.2.5",
  "serial": 12,
  "lineage": "fbed7e37-d006-d8d9-218e-7021b3b6b3ee",
  "outputs": {
    "tls_private_key": {
      "value": "-----BEGIN RSA PRIVATE KEY-----\nMIIJJwIBAAKCAgEAv6qeycsSfLiTtHXeVVPGBbaR4fuaBVi+5rsNjzDQBD8NidOt\nAGctcBc6rqtvGNQ0sjPmP7Bnqzv5M6Ek7FmaWJbzRsQ/o4RiSbOFW+6Jaxf0iDkr\npDtps7t8u+uPiG191enIm1gLTYzXzn5hl9b77+TYKaojAYFwOMKcaGQULKpLE+x6\nrq74nkfaF9MYczJtmJLLKVQf5w/mNc3FtHy/7uxRJv6M/bfaUr9ir/MnnIUXl2DW\nOvKNQRwhZMSglyzovclgdVab5U2eC2QropTcpvUTCGVAG62Td/LoPK1MShwbD77/\nhgkkSFGQc3ArRj2qmD0ghK1+5NVkxQ5EjTn2TCKt7o0J/tF2N9uU4VO09/x0GH1g\nE4vJbFWpog3Vo48GcAxZd2ygP3TWiesGROMUaeoTxGbpbJQwcqF6Y5U2j2Hm5103\n0BtaQCpP6fVFpr2Jzjjtq5jyegKEow71Ytxxvq7nEkRDsKUm3bo+jTKAoazGf6gn\nlA+8Hr/GtBuMBsT0ILvSlK6um1+FuGYybiZkDqTG80KJa4NpRRqQ68xrjCYbmhuU\nOaHfI9rV8yQqIJN1Loln3H2rVPKI7VqBoiv0b2TbSS4ScWswGQRF6/SmLGlbf+q2\np88HeRuILjkF/Y5uwHmTs3jx+bWnsq6m39ecrFxNV1H9kfsvbSLJLY5HltsCAwEA\nAQKCAgBIER13frXK05QmLJOWvdMdXtJniDUXgZD2LKsihhYRIqwygLbyCdmZ5gIY\nnzk8ur29q6oNlITGa9x9vz+k5uQUH14F49CR6TsTvz6LnJtq+yzk86onLHfILtzt\nw9rKT3EbN7ZIQsitNiIG8Jo9f4ZnY0KsF97luAe8L+Cjl83GJZnpOee/OuccjKPC\nhYsR9Yoj7j4ZohoExYOoA2EtRiLc8VpqMRhOZgzfRDsVMXZZcem276BdtcnLC4q6\n2vwPG8G/arKsLA6eH5snaVjG3vZAiLHJXFjIj3F9joYoGnku/HZoa0ak3VcZIiIQ\nZcK/vHwilgleGeY2oM4tEfpQp9SlkSz4bapnV9zM9luEExFRiBu5AnL3sPOA7ViD\nLw+pS+0/nfwQaYrSTapDPA7ZRNAnQnnUakvKzSe3t5VraJKYBGqWPspMw7iDAV1e\np12/E4MlcNyqVLtpdWo7BGjp4ScE5GAqlXCrylkNaxWd8+7Z2/28nMzerBqCAWRn\ncmwmTCf9HxhaeMQdQVUuTO+aCu3JpHOIBjdZDO1dLj2AYb7nwfNWgTGHEmbxgCm4\ngESyvmR2wd4XZ0gxD2GZyc4hq2em548JMu5pIuPzqRvByRIIQADf0xnKuHUAmJI+\nmyySU+H7MALG156qnv4jwux9TKq7SJpC3cmgYHi63y26pYezMQKCAQEA6Ya2FStg\nxyfmBcGEQbWtWeWH9/wVkPstwyjmB7QLF6lAOrDY6VqJp6g7YrRLVKzZvA9kfvL2\nOjtAQNI8LaSPyX57TpszTQjlJg9zsXjNe44JzF5jtqW0oTeeTmOhaTpx8EEtwYZU\nqxm8Q4V/NQ0fC8j4Jw/hcTLIHQykKH4i9CaLHV0/KXzUYsagBw9nfNvdaUS07ddG\nJkgwfuJcIegvAZ4DRsvUMGcWldlHecYMbgw7NHoSmD1vA3FDolJoD8CKk9YZRkk2\ndOqaRdC1ttMGLOQIGgqgAqmjKBLCas7LlVjF4F/5WNi2T52X8+/B7rLJlGWgoevZ\n7NwxmnoIWBgnlQKCAQEA0hygznDhdelKbSoK/jPaPAcKtkJ0qW2r9QknfWKwGDfQ\nEDPNw9YIUyYHKIjwOw0Th160wp+UfWDLaU8smVpu492Zu4mbD3Z/i3fVewsiluDP\nFTW3nG1+X+l4CkSbDXA1gD35ZW4pzyhfW84iENldKIFwih2KrLxt4wIcLcaYPpv+\n+HjZl2kGSAorEfhWu7whVc0JpEJ0G5eyxVVwnImKOIzgcMJo2frTnwDcWPOJfH8w\n+apE7S768clhwJRV/5leOlJI4V6usztZlS3PnNek9UAZAesyLpBltxdZVyCYLEdL\nLH6PEfmd2MPeVrsv2X8RrsTgDiphVFrNaZf+QvBorwKCAQBHcKepaEDODF2pKx9b\nvsmOc9KZwauTU9QXHR7qAmFWVrfIfKuPD9yGxseMFZ3qBIsDpi3XTFqZS+EHM4mn\naO139dKhJIeYLH11nEqHY25xOu2ycLnOeXj9zPcIAiCyAWgz2Ky3xHGIenIGsgNN\nZns17sBDqu8L4z4m7OQXYycsS9JJJGqbNY3/vcXdAxBkuRpOBu/WxwG12mXDm1oW\nIWKn+wADm32JZTAanYLpNPY+gE1oa2Pe4QRiKDdJpC4ji4KZYWkQAHvBXrfdXdEJ\nYhtEhmoYFWIIDn9UVhDV/fd389VtI88zJ/D2AD8pKBLLBDT4yfJPNsjPVjlyiZyd\n3p3VAoIBAEd1Zxdu+q8Qbbic0OpNlk5OEs2T4ntxCkenGmAhfURvTvsDs1qEY4Zr\n64lUsWdT9i1W/2ElxumxTtz9CW0KfaZPyqYmka77nTtAwUE8s0HfKW7MOysfbhiO\nnb3YQWebnwaDjVt60QtcbroZbCqQ0ochJrZCf9RprXHEWPMUlNjOUzQMXeyJ0pIT\nqzxMWqs0u52jw0CzPSvZNvq4KTmD6Zd8CiUvaVuhW/G66DX0dfD6jRyMVS7ZiI1M\n8Ur+6BSrA4oQTCsh+YaJi9kZoH92M+sZJqgpZoLBp2ZSsZbZRgfhI2b5kA0L+Sws\nyWRz+z0cY1YuLQmETl/TFgNwpw/7FY8CggEAZzh2CJrPSFrfnycr1ThCCPmfkR2h\ncEmPvmNo+sQTl1f3VzEgoXLIMktyYpH9DtjZWhJ5yg797qMzgLvRYDMuQVqbPDrW\nvYDwVMYFuwVZEsZmcO1Jsp62CQ9bXvxqXV6wURZyA0GoWZ7HEiFe2VNvQVc84avf\nlSIpoWTX+g8igYDgwdHkANK64h1HgL7A2TZXNi/o+YYH42cEqNRtcXfi/C3lgMj9\nqVsB+ym6NO59LePp42ikt4gDB0brYQF9FssejJtJK09yuv53sydCDSCaUX7Tfx/N\n8f49QFt49nIuS1Tu7IbOP/qR+273m4HEUAfIQUGeZAWeynk6M2wy6kDu5A==\n-----END RSA PRIVATE KEY-----\n",
      "type": "string",
      "sensitive": true
    },
    "vm_id": {
      "value": "/subscriptions/a52b7487-b59c-45f4-b7ce-2a69748e9fc9/resourceGroups/my_vm/providers/Microsoft.Compute/virtualMachines/linuxvm019",
      "type": "string"
    },
    "vm_ip": {
      "value": "51.124.210.117",
      "type": "string"
    }
  },
  "resources": [
    {
      "mode": "managed",
      "type": "azurerm_linux_virtual_machine",
      "name": "linuxvm",
      "provider": "provider[\"registry.terraform.io/hashicorp/azurerm\"]",
      "instances": [
        {
          "schema_version": 0,
          "attributes": {
            "additional_capabilities": [],
            "admin_password": null,
            "admin_ssh_key": [
              {
                "public_key": "ssh-rsa AAAAB3NzaC1yc2EAAAADAQABAAACAQC/qp7JyxJ8uJO0dd5VU8YFtpHh+5oFWL7muw2PMNAEPw2J060AZy1wFzquq28Y1DSyM+Y/sGerO/kzoSTsWZpYlvNGxD+jhGJJs4Vb7olrF/SIOSukO2mzu3y764+IbX3V6cibWAtNjNfOfmGX1vvv5NgpqiMBgXA4wpxoZBQsqksT7HqurvieR9oX0xhzMm2YksspVB/nD+Y1zcW0fL/u7FEm/oz9t9pSv2Kv8yechReXYNY68o1BHCFkxKCXLOi9yWB1VpvlTZ4LZCuilNym9RMIZUAbrZN38ug8rUxKHBsPvv+GCSRIUZBzcCtGPaqYPSCErX7k1WTFDkSNOfZMIq3ujQn+0XY325ThU7T3/HQYfWATi8lsVamiDdWjjwZwDFl3bKA/dNaJ6wZE4xRp6hPEZulslDByoXpjlTaPYebnXTfQG1pAKk/p9UWmvYnOOO2rmPJ6AoSjDvVi3HG+rucSREOwpSbduj6NMoChrMZ/qCeUD7wev8a0G4wGxPQgu9KUrq6bX4W4ZjJuJmQOpMbzQolrg2lFGpDrzGuMJhuaG5Q5od8j2tXzJCogk3UuiWfcfatU8ojtWoGiK/RvZNtJLhJxazAZBEXr9KYsaVt/6ranzwd5G4guOQX9jm7AeZOzePH5taeyrqbf15ysXE1XUf2R+y9tIsktjkeW2w==\n",
                "username": "azureuser"
              }
            ],
            "admin_username": "azureuser",
            "allow_extension_operations": true,
            "availability_set_id": "",
            "boot_diagnostics": [
              {
                "storage_account_uri": "https://diag94cf296692462cdd.blob.core.windows.net/"
              }
            ],
            "capacity_reservation_group_id": "",
            "computer_name": "myvm",
            "custom_data": null,
            "dedicated_host_group_id": "",
            "dedicated_host_id": "",
            "disable_password_authentication": true,
            "edge_zone": "",
            "encryption_at_host_enabled": false,
            "eviction_policy": "",
            "extensions_time_budget": "PT1H30M",
            "id": "/subscriptions/a52b7487-b59c-45f4-b7ce-2a69748e9fc9/resourceGroups/my_vm/providers/Microsoft.Compute/virtualMachines/linuxvm019",
            "identity": [],
            "license_type": "",
            "location": "westeurope",
            "max_bid_price": -1,
            "name": "linuxvm019",
            "network_interface_ids": [
              "/subscriptions/a52b7487-b59c-45f4-b7ce-2a69748e9fc9/resourceGroups/my_vm/providers/Microsoft.Network/networkInterfaces/nicprod019"
            ],
            "os_disk": [
              {
                "caching": "ReadWrite",
                "diff_disk_settings": [],
                "disk_encryption_set_id": "",
                "disk_size_gb": 30,
                "name": "myOsDisk",
                "secure_vm_disk_encryption_set_id": "",
                "security_encryption_type": "",
                "storage_account_type": "Premium_LRS",
                "write_accelerator_enabled": false
              }
            ],
            "patch_mode": "ImageDefault",
            "plan": [],
            "platform_fault_domain": -1,
            "priority": "Regular",
            "private_ip_address": "10.0.1.4",
            "private_ip_addresses": [
              "10.0.1.4"
            ],
            "provision_vm_agent": true,
            "proximity_placement_group_id": "",
            "public_ip_address": "51.124.210.117",
            "public_ip_addresses": [
              "51.124.210.117"
            ],
            "resource_group_name": "my_vm",
            "secret": [],
            "secure_boot_enabled": false,
            "size": "Standard_DS1_v2",
            "source_image_id": "",
            "source_image_reference": [
              {
                "offer": "UbuntuServer",
                "publisher": "Canonical",
                "sku": "18.04-LTS",
                "version": "latest"
              }
            ],
            "tags": {
              "environment": "production"
            },
            "termination_notification": null,
            "timeouts": null,
            "user_data": "",
            "virtual_machine_id": "0a76b9e8-c0cc-42b2-8141-4368b5ede00d",
            "virtual_machine_scale_set_id": "",
            "vtpm_enabled": false,
            "zone": ""
          },
          "sensitive_attributes": [],
          "private": "eyJlMmJmYjczMC1lY2FhLTExZTYtOGY4OC0zNDM2M2JjN2M0YzAiOnsiY3JlYXRlIjoyNzAwMDAwMDAwMDAwLCJkZWxldGUiOjI3MDAwMDAwMDAwMDAsInJlYWQiOjMwMDAwMDAwMDAwMCwidXBkYXRlIjoyNzAwMDAwMDAwMDAwfX0=",
          "dependencies": [
            "azurerm_network_interface.nic",
            "azurerm_public_ip.public_ip",
            "azurerm_resource_group.rg",
            "azurerm_storage_account.storage",
            "azurerm_subnet.subnet",
            "azurerm_virtual_network.vnet",
            "random_id.randomId",
            "tls_private_key.example_ssh"
          ]
        }
      ]
    },
    {
      "mode": "managed",
      "type": "azurerm_network_interface",
      "name": "nic",
      "provider": "provider[\"registry.terraform.io/hashicorp/azurerm\"]",
      "instances": [
        {
          "schema_version": 0,
          "attributes": {
            "applied_dns_servers": [],
            "dns_servers": [],
            "edge_zone": "",
            "enable_accelerated_networking": false,
            "enable_ip_forwarding": false,
            "id": "/subscriptions/a52b7487-b59c-45f4-b7ce-2a69748e9fc9/resourceGroups/my_vm/providers/Microsoft.Network/networkInterfaces/nicprod019",
            "internal_dns_name_label": "",
            "internal_domain_name_suffix": "31emrqcolvxudhbukvxjncsqod.ax.internal.cloudapp.net",
            "ip_configuration": [
              {
                "gateway_load_balancer_frontend_ip_configuration_id": "",
                "name": "myNicConfiguration",
                "primary": true,
                "private_ip_address": "10.0.1.4",
                "private_ip_address_allocation": "Dynamic",
                "private_ip_address_version": "IPv4",
                "public_ip_address_id": "/subscriptions/a52b7487-b59c-45f4-b7ce-2a69748e9fc9/resourceGroups/my_vm/providers/Microsoft.Network/publicIPAddresses/publicip019",
                "subnet_id": "/subscriptions/a52b7487-b59c-45f4-b7ce-2a69748e9fc9/resourceGroups/my_vm/providers/Microsoft.Network/virtualNetworks/vnetprod019/subnets/subnet019"
              }
            ],
            "location": "westeurope",
            "mac_address": "",
            "name": "nicprod019",
            "private_ip_address": "10.0.1.4",
            "private_ip_addresses": [
              "10.0.1.4"
            ],
            "resource_group_name": "my_vm",
            "tags": {
              "environment": "production"
            },
            "timeouts": null,
            "virtual_machine_id": ""
          },
          "sensitive_attributes": [],
          "private": "eyJlMmJmYjczMC1lY2FhLTExZTYtOGY4OC0zNDM2M2JjN2M0YzAiOnsiY3JlYXRlIjoxODAwMDAwMDAwMDAwLCJkZWxldGUiOjE4MDAwMDAwMDAwMDAsInJlYWQiOjMwMDAwMDAwMDAwMCwidXBkYXRlIjoxODAwMDAwMDAwMDAwfX0=",
          "dependencies": [
            "azurerm_public_ip.public_ip",
            "azurerm_resource_group.rg",
            "azurerm_subnet.subnet",
            "azurerm_virtual_network.vnet"
          ]
        }
      ]
    },
    {
      "mode": "managed",
      "type": "azurerm_network_interface_security_group_association",
      "name": "association",
      "provider": "provider[\"registry.terraform.io/hashicorp/azurerm\"]",
      "instances": [
        {
          "schema_version": 0,
          "attributes": {
            "id": "/subscriptions/a52b7487-b59c-45f4-b7ce-2a69748e9fc9/resourceGroups/my_vm/providers/Microsoft.Network/networkInterfaces/nicprod019|/subscriptions/a52b7487-b59c-45f4-b7ce-2a69748e9fc9/resourceGroups/my_vm/providers/Microsoft.Network/networkSecurityGroups/nsgprod019",
            "network_interface_id": "/subscriptions/a52b7487-b59c-45f4-b7ce-2a69748e9fc9/resourceGroups/my_vm/providers/Microsoft.Network/networkInterfaces/nicprod019",
            "network_security_group_id": "/subscriptions/a52b7487-b59c-45f4-b7ce-2a69748e9fc9/resourceGroups/my_vm/providers/Microsoft.Network/networkSecurityGroups/nsgprod019",
            "timeouts": null
          },
          "sensitive_attributes": [],
          "private": "eyJlMmJmYjczMC1lY2FhLTExZTYtOGY4OC0zNDM2M2JjN2M0YzAiOnsiY3JlYXRlIjoxODAwMDAwMDAwMDAwLCJkZWxldGUiOjE4MDAwMDAwMDAwMDAsInJlYWQiOjMwMDAwMDAwMDAwMCwidXBkYXRlIjoxODAwMDAwMDAwMDAwfX0=",
          "dependencies": [
            "azurerm_network_interface.nic",
            "azurerm_network_security_group.nsg",
            "azurerm_public_ip.public_ip",
            "azurerm_resource_group.rg",
            "azurerm_subnet.subnet",
            "azurerm_virtual_network.vnet"
          ]
        }
      ]
    },
    {
      "mode": "managed",
      "type": "azurerm_network_security_group",
      "name": "nsg",
      "provider": "provider[\"registry.terraform.io/hashicorp/azurerm\"]",
      "instances": [
        {
          "schema_version": 0,
          "attributes": {
            "id": "/subscriptions/a52b7487-b59c-45f4-b7ce-2a69748e9fc9/resourceGroups/my_vm/providers/Microsoft.Network/networkSecurityGroups/nsgprod019",
            "location": "westeurope",
            "name": "nsgprod019",
            "resource_group_name": "my_vm",
            "security_rule": [
              {
                "access": "Allow",
                "description": "",
                "destination_address_prefix": "*",
                "destination_address_prefixes": [],
                "destination_application_security_group_ids": [],
                "destination_port_range": "22",
                "destination_port_ranges": [],
                "direction": "Inbound",
                "name": "SSH",
                "priority": 1001,
                "protocol": "Tcp",
                "source_address_prefix": "*",
                "source_address_prefixes": [],
                "source_application_security_group_ids": [],
                "source_port_range": "*",
                "source_port_ranges": []
              }
            ],
            "tags": {
              "environment": "production"
            },
            "timeouts": null
          },
          "sensitive_attributes": [],
          "private": "eyJlMmJmYjczMC1lY2FhLTExZTYtOGY4OC0zNDM2M2JjN2M0YzAiOnsiY3JlYXRlIjoxODAwMDAwMDAwMDAwLCJkZWxldGUiOjE4MDAwMDAwMDAwMDAsInJlYWQiOjMwMDAwMDAwMDAwMCwidXBkYXRlIjoxODAwMDAwMDAwMDAwfX0=",
          "dependencies": [
            "azurerm_resource_group.rg"
          ]
        }
      ]
    },
    {
      "mode": "managed",
      "type": "azurerm_public_ip",
      "name": "public_ip",
      "provider": "provider[\"registry.terraform.io/hashicorp/azurerm\"]",
      "instances": [
        {
          "schema_version": 0,
          "attributes": {
            "allocation_method": "Dynamic",
            "domain_name_label": null,
            "edge_zone": "",
            "fqdn": null,
            "id": "/subscriptions/a52b7487-b59c-45f4-b7ce-2a69748e9fc9/resourceGroups/my_vm/providers/Microsoft.Network/publicIPAddresses/publicip019",
            "idle_timeout_in_minutes": 4,
            "ip_address": "",
            "ip_tags": null,
            "ip_version": "IPv4",
            "location": "westeurope",
            "name": "publicip019",
            "public_ip_prefix_id": null,
            "resource_group_name": "my_vm",
            "reverse_fqdn": null,
            "sku": "Basic",
            "sku_tier": "Regional",
            "tags": {
              "environment": "production"
            },
            "timeouts": null,
            "zones": null
          },
          "sensitive_attributes": [],
          "private": "eyJlMmJmYjczMC1lY2FhLTExZTYtOGY4OC0zNDM2M2JjN2M0YzAiOnsiY3JlYXRlIjoxODAwMDAwMDAwMDAwLCJkZWxldGUiOjE4MDAwMDAwMDAwMDAsInJlYWQiOjMwMDAwMDAwMDAwMCwidXBkYXRlIjoxODAwMDAwMDAwMDAwfX0=",
          "dependencies": [
            "azurerm_resource_group.rg"
          ]
        }
      ]
    },
    {
      "mode": "managed",
      "type": "azurerm_resource_group",
      "name": "rg",
      "provider": "provider[\"registry.terraform.io/hashicorp/azurerm\"]",
      "instances": [
        {
          "schema_version": 0,
          "attributes": {
            "id": "/subscriptions/a52b7487-b59c-45f4-b7ce-2a69748e9fc9/resourceGroups/my_vm",
            "location": "westeurope",
            "name": "my_vm",
            "tags": {
              "environment": "production"
            },
            "timeouts": null
          },
          "sensitive_attributes": [],
          "private": "eyJlMmJmYjczMC1lY2FhLTExZTYtOGY4OC0zNDM2M2JjN2M0YzAiOnsiY3JlYXRlIjo1NDAwMDAwMDAwMDAwLCJkZWxldGUiOjU0MDAwMDAwMDAwMDAsInJlYWQiOjMwMDAwMDAwMDAwMCwidXBkYXRlIjo1NDAwMDAwMDAwMDAwfX0="
        }
      ]
    },
    {
      "mode": "managed",
      "type": "azurerm_storage_account",
      "name": "storage",
      "provider": "provider[\"registry.terraform.io/hashicorp/azurerm\"]",
      "instances": [
        {
          "schema_version": 3,
          "attributes": {
            "access_tier": "Hot",
            "account_kind": "StorageV2",
            "account_replication_type": "LRS",
            "account_tier": "Standard",
            "allow_nested_items_to_be_public": true,
            "azure_files_authentication": [],
            "blob_properties": [
              {
                "change_feed_enabled": false,
                "change_feed_retention_in_days": 0,
                "container_delete_retention_policy": [],
                "cors_rule": [],
                "default_service_version": "",
                "delete_retention_policy": [],
                "last_access_time_enabled": false,
                "versioning_enabled": false
              }
            ],
            "cross_tenant_replication_enabled": true,
            "custom_domain": [],
            "customer_managed_key": [],
            "edge_zone": "",
            "enable_https_traffic_only": true,
            "id": "/subscriptions/a52b7487-b59c-45f4-b7ce-2a69748e9fc9/resourceGroups/my_vm/providers/Microsoft.Storage/storageAccounts/diag94cf296692462cdd",
            "identity": [],
            "infrastructure_encryption_enabled": false,
            "is_hns_enabled": false,
            "large_file_share_enabled": null,
            "location": "westeurope",
            "min_tls_version": "TLS1_2",
            "name": "diag94cf296692462cdd",
            "network_rules": [
              {
                "bypass": [
                  "AzureServices"
                ],
                "default_action": "Allow",
                "ip_rules": [],
                "private_link_access": [],
                "virtual_network_subnet_ids": []
              }
            ],
            "nfsv3_enabled": false,
            "primary_access_key": "aTPDZhkil0UI5kPT8xnOLOkR1UgxqFijLzmFz6hC5chWFms0s5dQL80Ga8pQ5fQxaj83MkdbwEKn+AStu9JFlg==",
            "primary_blob_connection_string": "DefaultEndpointsProtocol=https;BlobEndpoint=https://diag94cf296692462cdd.blob.core.windows.net/;AccountName=diag94cf296692462cdd;AccountKey=aTPDZhkil0UI5kPT8xnOLOkR1UgxqFijLzmFz6hC5chWFms0s5dQL80Ga8pQ5fQxaj83MkdbwEKn+AStu9JFlg==",
            "primary_blob_endpoint": "https://diag94cf296692462cdd.blob.core.windows.net/",
            "primary_blob_host": "diag94cf296692462cdd.blob.core.windows.net",
            "primary_connection_string": "DefaultEndpointsProtocol=https;AccountName=diag94cf296692462cdd;AccountKey=aTPDZhkil0UI5kPT8xnOLOkR1UgxqFijLzmFz6hC5chWFms0s5dQL80Ga8pQ5fQxaj83MkdbwEKn+AStu9JFlg==;EndpointSuffix=core.windows.net",
            "primary_dfs_endpoint": "https://diag94cf296692462cdd.dfs.core.windows.net/",
            "primary_dfs_host": "diag94cf296692462cdd.dfs.core.windows.net",
            "primary_file_endpoint": "https://diag94cf296692462cdd.file.core.windows.net/",
            "primary_file_host": "diag94cf296692462cdd.file.core.windows.net",
            "primary_location": "westeurope",
            "primary_queue_endpoint": "https://diag94cf296692462cdd.queue.core.windows.net/",
            "primary_queue_host": "diag94cf296692462cdd.queue.core.windows.net",
            "primary_table_endpoint": "https://diag94cf296692462cdd.table.core.windows.net/",
            "primary_table_host": "diag94cf296692462cdd.table.core.windows.net",
            "primary_web_endpoint": "https://diag94cf296692462cdd.z6.web.core.windows.net/",
            "primary_web_host": "diag94cf296692462cdd.z6.web.core.windows.net",
            "queue_encryption_key_type": "Service",
            "queue_properties": [
              {
                "cors_rule": [],
                "hour_metrics": [
                  {
                    "enabled": true,
                    "include_apis": true,
                    "retention_policy_days": 7,
                    "version": "1.0"
                  }
                ],
                "logging": [
                  {
                    "delete": false,
                    "read": false,
                    "retention_policy_days": 0,
                    "version": "1.0",
                    "write": false
                  }
                ],
                "minute_metrics": [
                  {
                    "enabled": false,
                    "include_apis": false,
                    "retention_policy_days": 0,
                    "version": "1.0"
                  }
                ]
              }
            ],
            "resource_group_name": "my_vm",
            "routing": [],
            "secondary_access_key": "TFt428rfPa+NOtV+3VzMkiiMp6D2sg5JwYaAb+6SPRyQKUk2Y4iGd8cZLhEMJ17r6c3xM2A7MbJZ+AStIJWVrA==",
            "secondary_blob_connection_string": "",
            "secondary_blob_endpoint": null,
            "secondary_blob_host": null,
            "secondary_connection_string": "DefaultEndpointsProtocol=https;AccountName=diag94cf296692462cdd;AccountKey=TFt428rfPa+NOtV+3VzMkiiMp6D2sg5JwYaAb+6SPRyQKUk2Y4iGd8cZLhEMJ17r6c3xM2A7MbJZ+AStIJWVrA==;EndpointSuffix=core.windows.net",
            "secondary_dfs_endpoint": null,
            "secondary_dfs_host": null,
            "secondary_file_endpoint": null,
            "secondary_file_host": null,
            "secondary_location": "",
            "secondary_queue_endpoint": null,
            "secondary_queue_host": null,
            "secondary_table_endpoint": null,
            "secondary_table_host": null,
            "secondary_web_endpoint": null,
            "secondary_web_host": null,
            "share_properties": [
              {
                "cors_rule": [],
                "retention_policy": [
                  {
                    "days": 7
                  }
                ],
                "smb": []
              }
            ],
            "shared_access_key_enabled": true,
            "static_website": [],
            "table_encryption_key_type": "Service",
            "tags": {
              "environment": "production"
            },
            "timeouts": null
          },
          "sensitive_attributes": [],
          "private": "eyJlMmJmYjczMC1lY2FhLTExZTYtOGY4OC0zNDM2M2JjN2M0YzAiOnsiY3JlYXRlIjozNjAwMDAwMDAwMDAwLCJkZWxldGUiOjM2MDAwMDAwMDAwMDAsInJlYWQiOjMwMDAwMDAwMDAwMCwidXBkYXRlIjozNjAwMDAwMDAwMDAwfSwic2NoZW1hX3ZlcnNpb24iOiIzIn0=",
          "dependencies": [
            "azurerm_resource_group.rg",
            "random_id.randomId"
          ]
        }
      ]
    },
    {
      "mode": "managed",
      "type": "azurerm_subnet",
      "name": "subnet",
      "provider": "provider[\"registry.terraform.io/hashicorp/azurerm\"]",
      "instances": [
        {
          "schema_version": 0,
          "attributes": {
            "address_prefixes": [
              "10.0.1.0/24"
            ],
            "delegation": [],
            "enforce_private_link_endpoint_network_policies": false,
            "enforce_private_link_service_network_policies": false,
            "id": "/subscriptions/a52b7487-b59c-45f4-b7ce-2a69748e9fc9/resourceGroups/my_vm/providers/Microsoft.Network/virtualNetworks/vnetprod019/subnets/subnet019",
            "name": "subnet019",
            "private_endpoint_network_policies_enabled": true,
            "private_link_service_network_policies_enabled": true,
            "resource_group_name": "my_vm",
            "service_endpoint_policy_ids": null,
            "service_endpoints": null,
            "timeouts": null,
            "virtual_network_name": "vnetprod019"
          },
          "sensitive_attributes": [],
          "private": "eyJlMmJmYjczMC1lY2FhLTExZTYtOGY4OC0zNDM2M2JjN2M0YzAiOnsiY3JlYXRlIjoxODAwMDAwMDAwMDAwLCJkZWxldGUiOjE4MDAwMDAwMDAwMDAsInJlYWQiOjMwMDAwMDAwMDAwMCwidXBkYXRlIjoxODAwMDAwMDAwMDAwfX0=",
          "dependencies": [
            "azurerm_resource_group.rg",
            "azurerm_virtual_network.vnet"
          ]
        }
      ]
    },
    {
      "mode": "managed",
      "type": "azurerm_virtual_network",
      "name": "vnet",
      "provider": "provider[\"registry.terraform.io/hashicorp/azurerm\"]",
      "instances": [
        {
          "schema_version": 0,
          "attributes": {
            "address_space": [
              "10.0.0.0/16"
            ],
            "bgp_community": "",
            "ddos_protection_plan": [],
            "dns_servers": [],
            "edge_zone": "",
            "flow_timeout_in_minutes": 0,
            "guid": "c0c8c8ee-5d4e-416f-9c34-556e968a5073",
            "id": "/subscriptions/a52b7487-b59c-45f4-b7ce-2a69748e9fc9/resourceGroups/my_vm/providers/Microsoft.Network/virtualNetworks/vnetprod019",
            "location": "westeurope",
            "name": "vnetprod019",
            "resource_group_name": "my_vm",
            "subnet": [],
            "tags": {
              "environment": "production"
            },
            "timeouts": null
          },
          "sensitive_attributes": [],
          "private": "eyJlMmJmYjczMC1lY2FhLTExZTYtOGY4OC0zNDM2M2JjN2M0YzAiOnsiY3JlYXRlIjoxODAwMDAwMDAwMDAwLCJkZWxldGUiOjE4MDAwMDAwMDAwMDAsInJlYWQiOjMwMDAwMDAwMDAwMCwidXBkYXRlIjoxODAwMDAwMDAwMDAwfX0=",
          "dependencies": [
            "azurerm_resource_group.rg"
          ]
        }
      ]
    },
    {
      "mode": "managed",
      "type": "random_id",
      "name": "randomId",
      "provider": "provider[\"registry.terraform.io/hashicorp/random\"]",
      "instances": [
        {
          "schema_version": 0,
          "attributes": {
            "b64_std": "lM8pZpJGLN0=",
            "b64_url": "lM8pZpJGLN0",
            "byte_length": 8,
            "dec": "10722834758309915869",
            "hex": "94cf296692462cdd",
            "id": "lM8pZpJGLN0",
            "keepers": {
              "resource_group": "my_vm"
            },
            "prefix": null
          },
          "sensitive_attributes": [],
          "private": "bnVsbA==",
          "dependencies": [
            "azurerm_resource_group.rg"
          ]
        }
      ]
    },
    {
      "mode": "managed",
      "type": "tls_private_key",
      "name": "example_ssh",
      "provider": "provider[\"registry.terraform.io/hashicorp/tls\"]",
      "instances": [
        {
          "schema_version": 1,
          "attributes": {
            "algorithm": "RSA",
            "ecdsa_curve": "P224",
            "id": "d186bc6aa6349b71d782c36be62cefc2d21407be",
            "private_key_openssh": "-----BEGIN OPENSSH PRIVATE KEY-----\nb3BlbnNzaC1rZXktdjEAAAAABG5vbmUAAAAEbm9uZQAAAAAAAAABAAACFwAAAAdz\nc2gtcnNhAAAAAwEAAQAAAgEAv6qeycsSfLiTtHXeVVPGBbaR4fuaBVi+5rsNjzDQ\nBD8NidOtAGctcBc6rqtvGNQ0sjPmP7Bnqzv5M6Ek7FmaWJbzRsQ/o4RiSbOFW+6J\naxf0iDkrpDtps7t8u+uPiG191enIm1gLTYzXzn5hl9b77+TYKaojAYFwOMKcaGQU\nLKpLE+x6rq74nkfaF9MYczJtmJLLKVQf5w/mNc3FtHy/7uxRJv6M/bfaUr9ir/Mn\nnIUXl2DWOvKNQRwhZMSglyzovclgdVab5U2eC2QropTcpvUTCGVAG62Td/LoPK1M\nShwbD77/hgkkSFGQc3ArRj2qmD0ghK1+5NVkxQ5EjTn2TCKt7o0J/tF2N9uU4VO0\n9/x0GH1gE4vJbFWpog3Vo48GcAxZd2ygP3TWiesGROMUaeoTxGbpbJQwcqF6Y5U2\nj2Hm51030BtaQCpP6fVFpr2Jzjjtq5jyegKEow71Ytxxvq7nEkRDsKUm3bo+jTKA\noazGf6gnlA+8Hr/GtBuMBsT0ILvSlK6um1+FuGYybiZkDqTG80KJa4NpRRqQ68xr\njCYbmhuUOaHfI9rV8yQqIJN1Loln3H2rVPKI7VqBoiv0b2TbSS4ScWswGQRF6/Sm\nLGlbf+q2p88HeRuILjkF/Y5uwHmTs3jx+bWnsq6m39ecrFxNV1H9kfsvbSLJLY5H\nltsAAAc4hPqXwIT6l8AAAAAHc3NoLXJzYQAAAgEAv6qeycsSfLiTtHXeVVPGBbaR\n4fuaBVi+5rsNjzDQBD8NidOtAGctcBc6rqtvGNQ0sjPmP7Bnqzv5M6Ek7FmaWJbz\nRsQ/o4RiSbOFW+6Jaxf0iDkrpDtps7t8u+uPiG191enIm1gLTYzXzn5hl9b77+TY\nKaojAYFwOMKcaGQULKpLE+x6rq74nkfaF9MYczJtmJLLKVQf5w/mNc3FtHy/7uxR\nJv6M/bfaUr9ir/MnnIUXl2DWOvKNQRwhZMSglyzovclgdVab5U2eC2QropTcpvUT\nCGVAG62Td/LoPK1MShwbD77/hgkkSFGQc3ArRj2qmD0ghK1+5NVkxQ5EjTn2TCKt\n7o0J/tF2N9uU4VO09/x0GH1gE4vJbFWpog3Vo48GcAxZd2ygP3TWiesGROMUaeoT\nxGbpbJQwcqF6Y5U2j2Hm51030BtaQCpP6fVFpr2Jzjjtq5jyegKEow71Ytxxvq7n\nEkRDsKUm3bo+jTKAoazGf6gnlA+8Hr/GtBuMBsT0ILvSlK6um1+FuGYybiZkDqTG\n80KJa4NpRRqQ68xrjCYbmhuUOaHfI9rV8yQqIJN1Loln3H2rVPKI7VqBoiv0b2Tb\nSS4ScWswGQRF6/SmLGlbf+q2p88HeRuILjkF/Y5uwHmTs3jx+bWnsq6m39ecrFxN\nV1H9kfsvbSLJLY5HltsAAAADAQABAAACAEgRHXd+tcrTlCYsk5a90x1e0meINReB\nkPYsqyKGFhEirDKAtvIJ2ZnmAhifOTy6vb2rqg2UhMZr3H2/P6Tm5BQfXgXj0JHp\nOxO/Poucm2r7LOTzqicsd8gu3O3D2spPcRs3tkhCyK02Igbwmj1/hmdjQqwX3uW4\nB7wv4KOXzcYlmek557865xyMo8KFixH1iiPuPhmiGgTFg6gDYS1GItzxWmoxGE5m\nDN9EOxUxdllx6bbvoF21ycsLirra/A8bwb9qsqwsDp4fmydpWMbe9kCIsclcWMiP\ncX2OhigaeS78dmhrRqTdVxkiIhBlwr+8fCKWCV4Z5jagzi0R+lCn1KWRLPhtqmdX\n3Mz2W4QTEVGIG7kCcvew84DtWIMvD6lL7T+d/BBpitJNqkM8DtlE0CdCedRqS8rN\nJ7e3lWtokpgEapY+ykzDuIMBXV6nXb8TgyVw3KpUu2l1ajsEaOnhJwTkYCqVcKvK\nWQ1rFZ3z7tnb/byczN6sGoIBZGdybCZMJ/0fGFp4xB1BVS5M75oK7cmkc4gGN1kM\n7V0uPYBhvufB81aBMYcSZvGAKbiARLK+ZHbB3hdnSDEPYZnJziGrZ6bnjwky7mki\n4/OpG8HJEghAAN/TGcq4dQCYkj6bLJJT4fswAsbXnqqe/iPC7H1MqrtImkLdyaBg\neLrfLbqlh7MxAAABAGc4dgiaz0ha358nK9U4Qgj5n5EdoXBJj75jaPrEE5dX91cx\nIKFyyDJLcmKR/Q7Y2VoSecoO/e6jM4C70WAzLkFamzw61r2A8FTGBbsFWRLGZnDt\nSbKetgkPW178al1esFEWcgNBqFmexxIhXtlTb0FXPOGr35UiKaFk1/oPIoGA4MHR\n5ADSuuIdR4C+wNk2VzYv6PmGB+NnBKjUbXF34vwt5YDI/albAfspujTufS3j6eNo\npLeIAwdG62EBfRbLHoybSStPcrr+d7MnQg0gmlF+038fzfH+PUBbePZyLktU7uyG\nzj/6kftu95uBxFAHyEFBnmQFnsp5OjNsMupA7uQAAAEBAOmGthUrYMcn5gXBhEG1\nrVnlh/f8FZD7LcMo5ge0CxepQDqw2OlaiaeoO2K0S1Ss2bwPZH7y9jo7QEDSPC2k\nj8l+e06bM00I5SYPc7F4zXuOCcxeY7altKE3nk5joWk6cfBBLcGGVKsZvEOFfzUN\nHwvI+CcP4XEyyB0MpCh+IvQmix1dPyl81GLGoAcPZ3zb3WlEtO3XRiZIMH7iXCHo\nLwGeA0bL1DBnFpXZR3nGDG4MOzR6Epg9bwNxQ6JSaA/AipPWGUZJNnTqmkXQtbbT\nBizkCBoKoAKpoygSwmrOy5VYxeBf+VjYtk+dl/Pvwe6yyZRloKHr2ezcMZp6CFgY\nJ5UAAAEBANIcoM5w4XXpSm0qCv4z2jwHCrZCdKltq/UJJ31isBg30BAzzcPWCFMm\nByiI8DsNE4detMKflH1gy2lPLJlabuPdmbuJmw92f4t31XsLIpbgzxU1t5xtfl/p\neApEmw1wNYA9+WVuKc8oX1vOIhDZXSiBcIodiqy8beMCHC3GmD6b/vh42ZdpBkgK\nKxH4Vru8IVXNCaRCdBuXssVVcJyJijiM4HDCaNn6058A3FjziXx/MPmqRO0u+vHJ\nYcCUVf+ZXjpSSOFerrM7WZUtz5zXpPVAGQHrMi6QZbcXWVcgmCxHSyx+jxH5ndjD\n3la7L9l/Ea7E4A4qYVRazWmX/kLwaK8AAAAAAQID\n-----END OPENSSH PRIVATE KEY-----\n",
            "private_key_pem": "-----BEGIN RSA PRIVATE KEY-----\nMIIJJwIBAAKCAgEAv6qeycsSfLiTtHXeVVPGBbaR4fuaBVi+5rsNjzDQBD8NidOt\nAGctcBc6rqtvGNQ0sjPmP7Bnqzv5M6Ek7FmaWJbzRsQ/o4RiSbOFW+6Jaxf0iDkr\npDtps7t8u+uPiG191enIm1gLTYzXzn5hl9b77+TYKaojAYFwOMKcaGQULKpLE+x6\nrq74nkfaF9MYczJtmJLLKVQf5w/mNc3FtHy/7uxRJv6M/bfaUr9ir/MnnIUXl2DW\nOvKNQRwhZMSglyzovclgdVab5U2eC2QropTcpvUTCGVAG62Td/LoPK1MShwbD77/\nhgkkSFGQc3ArRj2qmD0ghK1+5NVkxQ5EjTn2TCKt7o0J/tF2N9uU4VO09/x0GH1g\nE4vJbFWpog3Vo48GcAxZd2ygP3TWiesGROMUaeoTxGbpbJQwcqF6Y5U2j2Hm5103\n0BtaQCpP6fVFpr2Jzjjtq5jyegKEow71Ytxxvq7nEkRDsKUm3bo+jTKAoazGf6gn\nlA+8Hr/GtBuMBsT0ILvSlK6um1+FuGYybiZkDqTG80KJa4NpRRqQ68xrjCYbmhuU\nOaHfI9rV8yQqIJN1Loln3H2rVPKI7VqBoiv0b2TbSS4ScWswGQRF6/SmLGlbf+q2\np88HeRuILjkF/Y5uwHmTs3jx+bWnsq6m39ecrFxNV1H9kfsvbSLJLY5HltsCAwEA\nAQKCAgBIER13frXK05QmLJOWvdMdXtJniDUXgZD2LKsihhYRIqwygLbyCdmZ5gIY\nnzk8ur29q6oNlITGa9x9vz+k5uQUH14F49CR6TsTvz6LnJtq+yzk86onLHfILtzt\nw9rKT3EbN7ZIQsitNiIG8Jo9f4ZnY0KsF97luAe8L+Cjl83GJZnpOee/OuccjKPC\nhYsR9Yoj7j4ZohoExYOoA2EtRiLc8VpqMRhOZgzfRDsVMXZZcem276BdtcnLC4q6\n2vwPG8G/arKsLA6eH5snaVjG3vZAiLHJXFjIj3F9joYoGnku/HZoa0ak3VcZIiIQ\nZcK/vHwilgleGeY2oM4tEfpQp9SlkSz4bapnV9zM9luEExFRiBu5AnL3sPOA7ViD\nLw+pS+0/nfwQaYrSTapDPA7ZRNAnQnnUakvKzSe3t5VraJKYBGqWPspMw7iDAV1e\np12/E4MlcNyqVLtpdWo7BGjp4ScE5GAqlXCrylkNaxWd8+7Z2/28nMzerBqCAWRn\ncmwmTCf9HxhaeMQdQVUuTO+aCu3JpHOIBjdZDO1dLj2AYb7nwfNWgTGHEmbxgCm4\ngESyvmR2wd4XZ0gxD2GZyc4hq2em548JMu5pIuPzqRvByRIIQADf0xnKuHUAmJI+\nmyySU+H7MALG156qnv4jwux9TKq7SJpC3cmgYHi63y26pYezMQKCAQEA6Ya2FStg\nxyfmBcGEQbWtWeWH9/wVkPstwyjmB7QLF6lAOrDY6VqJp6g7YrRLVKzZvA9kfvL2\nOjtAQNI8LaSPyX57TpszTQjlJg9zsXjNe44JzF5jtqW0oTeeTmOhaTpx8EEtwYZU\nqxm8Q4V/NQ0fC8j4Jw/hcTLIHQykKH4i9CaLHV0/KXzUYsagBw9nfNvdaUS07ddG\nJkgwfuJcIegvAZ4DRsvUMGcWldlHecYMbgw7NHoSmD1vA3FDolJoD8CKk9YZRkk2\ndOqaRdC1ttMGLOQIGgqgAqmjKBLCas7LlVjF4F/5WNi2T52X8+/B7rLJlGWgoevZ\n7NwxmnoIWBgnlQKCAQEA0hygznDhdelKbSoK/jPaPAcKtkJ0qW2r9QknfWKwGDfQ\nEDPNw9YIUyYHKIjwOw0Th160wp+UfWDLaU8smVpu492Zu4mbD3Z/i3fVewsiluDP\nFTW3nG1+X+l4CkSbDXA1gD35ZW4pzyhfW84iENldKIFwih2KrLxt4wIcLcaYPpv+\n+HjZl2kGSAorEfhWu7whVc0JpEJ0G5eyxVVwnImKOIzgcMJo2frTnwDcWPOJfH8w\n+apE7S768clhwJRV/5leOlJI4V6usztZlS3PnNek9UAZAesyLpBltxdZVyCYLEdL\nLH6PEfmd2MPeVrsv2X8RrsTgDiphVFrNaZf+QvBorwKCAQBHcKepaEDODF2pKx9b\nvsmOc9KZwauTU9QXHR7qAmFWVrfIfKuPD9yGxseMFZ3qBIsDpi3XTFqZS+EHM4mn\naO139dKhJIeYLH11nEqHY25xOu2ycLnOeXj9zPcIAiCyAWgz2Ky3xHGIenIGsgNN\nZns17sBDqu8L4z4m7OQXYycsS9JJJGqbNY3/vcXdAxBkuRpOBu/WxwG12mXDm1oW\nIWKn+wADm32JZTAanYLpNPY+gE1oa2Pe4QRiKDdJpC4ji4KZYWkQAHvBXrfdXdEJ\nYhtEhmoYFWIIDn9UVhDV/fd389VtI88zJ/D2AD8pKBLLBDT4yfJPNsjPVjlyiZyd\n3p3VAoIBAEd1Zxdu+q8Qbbic0OpNlk5OEs2T4ntxCkenGmAhfURvTvsDs1qEY4Zr\n64lUsWdT9i1W/2ElxumxTtz9CW0KfaZPyqYmka77nTtAwUE8s0HfKW7MOysfbhiO\nnb3YQWebnwaDjVt60QtcbroZbCqQ0ochJrZCf9RprXHEWPMUlNjOUzQMXeyJ0pIT\nqzxMWqs0u52jw0CzPSvZNvq4KTmD6Zd8CiUvaVuhW/G66DX0dfD6jRyMVS7ZiI1M\n8Ur+6BSrA4oQTCsh+YaJi9kZoH92M+sZJqgpZoLBp2ZSsZbZRgfhI2b5kA0L+Sws\nyWRz+z0cY1YuLQmETl/TFgNwpw/7FY8CggEAZzh2CJrPSFrfnycr1ThCCPmfkR2h\ncEmPvmNo+sQTl1f3VzEgoXLIMktyYpH9DtjZWhJ5yg797qMzgLvRYDMuQVqbPDrW\nvYDwVMYFuwVZEsZmcO1Jsp62CQ9bXvxqXV6wURZyA0GoWZ7HEiFe2VNvQVc84avf\nlSIpoWTX+g8igYDgwdHkANK64h1HgL7A2TZXNi/o+YYH42cEqNRtcXfi/C3lgMj9\nqVsB+ym6NO59LePp42ikt4gDB0brYQF9FssejJtJK09yuv53sydCDSCaUX7Tfx/N\n8f49QFt49nIuS1Tu7IbOP/qR+273m4HEUAfIQUGeZAWeynk6M2wy6kDu5A==\n-----END RSA PRIVATE KEY-----\n",
            "private_key_pem_pkcs8": "-----BEGIN PRIVATE KEY-----\nMIIJQQIBADANBgkqhkiG9w0BAQEFAASCCSswggknAgEAAoICAQC/qp7JyxJ8uJO0\ndd5VU8YFtpHh+5oFWL7muw2PMNAEPw2J060AZy1wFzquq28Y1DSyM+Y/sGerO/kz\noSTsWZpYlvNGxD+jhGJJs4Vb7olrF/SIOSukO2mzu3y764+IbX3V6cibWAtNjNfO\nfmGX1vvv5NgpqiMBgXA4wpxoZBQsqksT7HqurvieR9oX0xhzMm2YksspVB/nD+Y1\nzcW0fL/u7FEm/oz9t9pSv2Kv8yechReXYNY68o1BHCFkxKCXLOi9yWB1VpvlTZ4L\nZCuilNym9RMIZUAbrZN38ug8rUxKHBsPvv+GCSRIUZBzcCtGPaqYPSCErX7k1WTF\nDkSNOfZMIq3ujQn+0XY325ThU7T3/HQYfWATi8lsVamiDdWjjwZwDFl3bKA/dNaJ\n6wZE4xRp6hPEZulslDByoXpjlTaPYebnXTfQG1pAKk/p9UWmvYnOOO2rmPJ6AoSj\nDvVi3HG+rucSREOwpSbduj6NMoChrMZ/qCeUD7wev8a0G4wGxPQgu9KUrq6bX4W4\nZjJuJmQOpMbzQolrg2lFGpDrzGuMJhuaG5Q5od8j2tXzJCogk3UuiWfcfatU8ojt\nWoGiK/RvZNtJLhJxazAZBEXr9KYsaVt/6ranzwd5G4guOQX9jm7AeZOzePH5taey\nrqbf15ysXE1XUf2R+y9tIsktjkeW2wIDAQABAoICAEgRHXd+tcrTlCYsk5a90x1e\n0meINReBkPYsqyKGFhEirDKAtvIJ2ZnmAhifOTy6vb2rqg2UhMZr3H2/P6Tm5BQf\nXgXj0JHpOxO/Poucm2r7LOTzqicsd8gu3O3D2spPcRs3tkhCyK02Igbwmj1/hmdj\nQqwX3uW4B7wv4KOXzcYlmek557865xyMo8KFixH1iiPuPhmiGgTFg6gDYS1GItzx\nWmoxGE5mDN9EOxUxdllx6bbvoF21ycsLirra/A8bwb9qsqwsDp4fmydpWMbe9kCI\nsclcWMiPcX2OhigaeS78dmhrRqTdVxkiIhBlwr+8fCKWCV4Z5jagzi0R+lCn1KWR\nLPhtqmdX3Mz2W4QTEVGIG7kCcvew84DtWIMvD6lL7T+d/BBpitJNqkM8DtlE0CdC\nedRqS8rNJ7e3lWtokpgEapY+ykzDuIMBXV6nXb8TgyVw3KpUu2l1ajsEaOnhJwTk\nYCqVcKvKWQ1rFZ3z7tnb/byczN6sGoIBZGdybCZMJ/0fGFp4xB1BVS5M75oK7cmk\nc4gGN1kM7V0uPYBhvufB81aBMYcSZvGAKbiARLK+ZHbB3hdnSDEPYZnJziGrZ6bn\njwky7mki4/OpG8HJEghAAN/TGcq4dQCYkj6bLJJT4fswAsbXnqqe/iPC7H1MqrtI\nmkLdyaBgeLrfLbqlh7MxAoIBAQDphrYVK2DHJ+YFwYRBta1Z5Yf3/BWQ+y3DKOYH\ntAsXqUA6sNjpWomnqDtitEtUrNm8D2R+8vY6O0BA0jwtpI/JfntOmzNNCOUmD3Ox\neM17jgnMXmO2pbShN55OY6FpOnHwQS3BhlSrGbxDhX81DR8LyPgnD+FxMsgdDKQo\nfiL0JosdXT8pfNRixqAHD2d8291pRLTt10YmSDB+4lwh6C8BngNGy9QwZxaV2Ud5\nxgxuDDs0ehKYPW8DcUOiUmgPwIqT1hlGSTZ06ppF0LW20wYs5AgaCqACqaMoEsJq\nzsuVWMXgX/lY2LZPnZfz78HussmUZaCh69ns3DGaeghYGCeVAoIBAQDSHKDOcOF1\n6UptKgr+M9o8Bwq2QnSpbav1CSd9YrAYN9AQM83D1ghTJgcoiPA7DROHXrTCn5R9\nYMtpTyyZWm7j3Zm7iZsPdn+Ld9V7CyKW4M8VNbecbX5f6XgKRJsNcDWAPfllbinP\nKF9bziIQ2V0ogXCKHYqsvG3jAhwtxpg+m/74eNmXaQZICisR+Fa7vCFVzQmkQnQb\nl7LFVXCciYo4jOBwwmjZ+tOfANxY84l8fzD5qkTtLvrxyWHAlFX/mV46UkjhXq6z\nO1mVLc+c16T1QBkB6zIukGW3F1lXIJgsR0ssfo8R+Z3Yw95Wuy/ZfxGuxOAOKmFU\nWs1pl/5C8GivAoIBAEdwp6loQM4MXakrH1u+yY5z0pnBq5NT1BcdHuoCYVZWt8h8\nq48P3IbGx4wVneoEiwOmLddMWplL4Qcziado7Xf10qEkh5gsfXWcSodjbnE67bJw\nuc55eP3M9wgCILIBaDPYrLfEcYh6cgayA01mezXuwEOq7wvjPibs5BdjJyxL0kkk\naps1jf+9xd0DEGS5Gk4G79bHAbXaZcObWhYhYqf7AAObfYllMBqdguk09j6ATWhr\nY97hBGIoN0mkLiOLgplhaRAAe8Fet91d0QliG0SGahgVYggOf1RWENX993fz1W0j\nzzMn8PYAPykoEssENPjJ8k82yM9WOXKJnJ3endUCggEAR3VnF276rxBtuJzQ6k2W\nTk4SzZPie3EKR6caYCF9RG9O+wOzWoRjhmvriVSxZ1P2LVb/YSXG6bFO3P0JbQp9\npk/KpiaRrvudO0DBQTyzQd8pbsw7Kx9uGI6dvdhBZ5ufBoONW3rRC1xuuhlsKpDS\nhyEmtkJ/1GmtccRY8xSU2M5TNAxd7InSkhOrPExaqzS7naPDQLM9K9k2+rgpOYPp\nl3wKJS9pW6Fb8broNfR18PqNHIxVLtmIjUzxSv7oFKsDihBMKyH5homL2Rmgf3Yz\n6xkmqClmgsGnZlKxltlGB+EjZvmQDQv5LCzJZHP7PRxjVi4tCYROX9MWA3CnD/sV\njwKCAQBnOHYIms9IWt+fJyvVOEII+Z+RHaFwSY++Y2j6xBOXV/dXMSChcsgyS3Ji\nkf0O2NlaEnnKDv3uozOAu9FgMy5BWps8Ota9gPBUxgW7BVkSxmZw7UmynrYJD1te\n/GpdXrBRFnIDQahZnscSIV7ZU29BVzzhq9+VIimhZNf6DyKBgODB0eQA0rriHUeA\nvsDZNlc2L+j5hgfjZwSo1G1xd+L8LeWAyP2pWwH7Kbo07n0t4+njaKS3iAMHRuth\nAX0Wyx6Mm0krT3K6/nezJ0INIJpRftN/H83x/j1AW3j2ci5LVO7shs4/+pH7bveb\ngcRQB8hBQZ5kBZ7KeTozbDLqQO7k\n-----END PRIVATE KEY-----\n",
            "public_key_fingerprint_md5": "dc:22:10:5b:79:ae:2d:f1:e2:07:17:b4:98:a3:86:7a",
            "public_key_fingerprint_sha256": "SHA256:Xgfd18iEc9C1ZzKsRP+1x13qgPo8KgRZsQ/WX/LO0Rs",
            "public_key_openssh": "ssh-rsa AAAAB3NzaC1yc2EAAAADAQABAAACAQC/qp7JyxJ8uJO0dd5VU8YFtpHh+5oFWL7muw2PMNAEPw2J060AZy1wFzquq28Y1DSyM+Y/sGerO/kzoSTsWZpYlvNGxD+jhGJJs4Vb7olrF/SIOSukO2mzu3y764+IbX3V6cibWAtNjNfOfmGX1vvv5NgpqiMBgXA4wpxoZBQsqksT7HqurvieR9oX0xhzMm2YksspVB/nD+Y1zcW0fL/u7FEm/oz9t9pSv2Kv8yechReXYNY68o1BHCFkxKCXLOi9yWB1VpvlTZ4LZCuilNym9RMIZUAbrZN38ug8rUxKHBsPvv+GCSRIUZBzcCtGPaqYPSCErX7k1WTFDkSNOfZMIq3ujQn+0XY325ThU7T3/HQYfWATi8lsVamiDdWjjwZwDFl3bKA/dNaJ6wZE4xRp6hPEZulslDByoXpjlTaPYebnXTfQG1pAKk/p9UWmvYnOOO2rmPJ6AoSjDvVi3HG+rucSREOwpSbduj6NMoChrMZ/qCeUD7wev8a0G4wGxPQgu9KUrq6bX4W4ZjJuJmQOpMbzQolrg2lFGpDrzGuMJhuaG5Q5od8j2tXzJCogk3UuiWfcfatU8ojtWoGiK/RvZNtJLhJxazAZBEXr9KYsaVt/6ranzwd5G4guOQX9jm7AeZOzePH5taeyrqbf15ysXE1XUf2R+y9tIsktjkeW2w==\n",
            "public_key_pem": "-----BEGIN PUBLIC KEY-----\nMIICIjANBgkqhkiG9w0BAQEFAAOCAg8AMIICCgKCAgEAv6qeycsSfLiTtHXeVVPG\nBbaR4fuaBVi+5rsNjzDQBD8NidOtAGctcBc6rqtvGNQ0sjPmP7Bnqzv5M6Ek7Fma\nWJbzRsQ/o4RiSbOFW+6Jaxf0iDkrpDtps7t8u+uPiG191enIm1gLTYzXzn5hl9b7\n7+TYKaojAYFwOMKcaGQULKpLE+x6rq74nkfaF9MYczJtmJLLKVQf5w/mNc3FtHy/\n7uxRJv6M/bfaUr9ir/MnnIUXl2DWOvKNQRwhZMSglyzovclgdVab5U2eC2QropTc\npvUTCGVAG62Td/LoPK1MShwbD77/hgkkSFGQc3ArRj2qmD0ghK1+5NVkxQ5EjTn2\nTCKt7o0J/tF2N9uU4VO09/x0GH1gE4vJbFWpog3Vo48GcAxZd2ygP3TWiesGROMU\naeoTxGbpbJQwcqF6Y5U2j2Hm51030BtaQCpP6fVFpr2Jzjjtq5jyegKEow71Ytxx\nvq7nEkRDsKUm3bo+jTKAoazGf6gnlA+8Hr/GtBuMBsT0ILvSlK6um1+FuGYybiZk\nDqTG80KJa4NpRRqQ68xrjCYbmhuUOaHfI9rV8yQqIJN1Loln3H2rVPKI7VqBoiv0\nb2TbSS4ScWswGQRF6/SmLGlbf+q2p88HeRuILjkF/Y5uwHmTs3jx+bWnsq6m39ec\nrFxNV1H9kfsvbSLJLY5HltsCAwEAAQ==\n-----END PUBLIC KEY-----\n",
            "rsa_bits": 4096
          },
          "sensitive_attributes": []
        }
      ]
    }
  ]
}
