{
  "version": 4,
  "terraform_version": "1.2.5",
  "serial": 2,
  "lineage": "1426998f-bd30-9e3a-f002-c3472edcdd75",
  "outputs": {
    "assignment_id": {
      "value": "/subscriptions/a52b7487-b59c-45f4-b7ce-2a69748e9fc9/resourceGroups/my_group/providers/Microsoft.Authorization/policyAssignments/deny-not-allowed-locations",
      "type": "string"
    }
  },
  "resources": [
    {
      "mode": "data",
      "type": "azurerm_subscription",
      "name": "subscription",
      "provider": "provider[\"registry.terraform.io/hashicorp/azurerm\"]",
      "instances": [
        {
          "schema_version": 0,
          "attributes": {
            "display_name": "Free Trial",
            "id": "/subscriptions/a52b7487-b59c-45f4-b7ce-2a69748e9fc9",
            "location_placement_id": "PublicAndIndia_2015-09-01",
            "quota_id": "FreeTrial_2014-09-01",
            "spending_limit": "On",
            "state": "Enabled",
            "subscription_id": "a52b7487-b59c-45f4-b7ce-2a69748e9fc9",
            "tags": {},
            "tenant_id": "1ca85363-714b-432b-b048-5c7a9f896d62",
            "timeouts": null
          },
          "sensitive_attributes": []
        }
      ]
    },
    {
      "mode": "managed",
      "type": "azurerm_resource_group_policy_assignment",
      "name": "pass",
      "provider": "provider[\"registry.terraform.io/hashicorp/azurerm\"]",
      "instances": [
        {
          "schema_version": 0,
          "attributes": {
            "description": "",
            "display_name": "",
            "enforce": true,
            "id": "/subscriptions/a52b7487-b59c-45f4-b7ce-2a69748e9fc9/resourceGroups/my_group/providers/Microsoft.Authorization/policyAssignments/deny-not-allowed-locations",
            "identity": [],
            "location": "",
            "metadata": "{\"createdBy\":\"bddf2d79-d906-4ac4-bdca-6023b34ee790\",\"createdOn\":\"2022-09-07T11:38:58.8416634Z\",\"updatedBy\":null,\"updatedOn\":null}",
            "name": "deny-not-allowed-locations",
            "non_compliance_message": [],
            "not_scopes": null,
            "parameters": "{\"listOfAllowedLocations\":{\"value\":[\"Central India\"]}}",
            "policy_definition_id": "/providers/Microsoft.Authorization/policyDefinitions/e56962a6-4747-49cd-b67b-bf8b01975c4c",
            "resource_group_id": "/subscriptions/a52b7487-b59c-45f4-b7ce-2a69748e9fc9/resourceGroups/my_group",
            "timeouts": null
          },
          "sensitive_attributes": [],
          "private": "eyJlMmJmYjczMC1lY2FhLTExZTYtOGY4OC0zNDM2M2JjN2M0YzAiOnsiY3JlYXRlIjoxODAwMDAwMDAwMDAwLCJkZWxldGUiOjE4MDAwMDAwMDAwMDAsInJlYWQiOjMwMDAwMDAwMDAwMCwidXBkYXRlIjoxODAwMDAwMDAwMDAwfX0="
        }
      ]
    }
  ]
}
