{
  "version": 4,
  "terraform_version": "1.2.5",
  "serial": 5,
  "lineage": "2328289d-9b69-7543-b27a-35697ceb249c",
  "outputs": {},
  "resources": [
    {
      "mode": "managed",
      "type": "azurerm_linux_web_app",
      "name": "app",
      "provider": "provider[\"registry.terraform.io/hashicorp/azurerm\"]",
      "instances": [
        {
          "schema_version": 0,
          "attributes": {
            "app_settings": {
              "SOME_KEY": "some-value"
            },
            "auth_settings": [
              {
                "active_directory": [],
                "additional_login_parameters": {},
                "allowed_external_redirect_urls": [],
                "default_provider": "",
                "enabled": false,
                "facebook": [],
                "github": [],
                "google": [],
                "issuer": "",
                "microsoft": [],
                "runtime_version": "",
                "token_refresh_extension_hours": 0,
                "token_store_enabled": false,
                "twitter": [],
                "unauthenticated_client_action": ""
              }
            ],
            "backup": [],
            "client_affinity_enabled": false,
            "client_certificate_enabled": false,
            "client_certificate_mode": "Required",
            "connection_string": [],
            "custom_domain_verification_id": "0F2D430A00B672896D24A03ECF00AEF966318952BC2043E8FA39D33D55C32CC8",
            "default_hostname": "wepappservice.azurewebsites.net",
            "enabled": true,
            "https_only": false,
            "id": "/subscriptions/727569fb-5294-4ca5-9005-466abf5d33f1/resourceGroups/webapp_g1/providers/Microsoft.Web/sites/wepappservice",
            "identity": [],
            "key_vault_reference_identity_id": "SystemAssigned",
            "kind": "app,linux",
            "location": "centralindia",
            "logs": [],
            "name": "wepappservice",
            "outbound_ip_address_list": [
              "20.207.85.205",
              "20.204.225.3",
              "20.207.85.101",
              "20.207.85.252",
              "20.207.82.86",
              "20.207.86.8",
              "20.192.170.10"
            ],
            "outbound_ip_addresses": "20.207.85.205,20.204.225.3,20.207.85.101,20.207.85.252,20.207.82.86,20.207.86.8,20.192.170.10",
            "possible_outbound_ip_address_list": [
              "20.207.85.205",
              "20.204.225.3",
              "20.207.85.101",
              "20.207.85.252",
              "20.207.82.86",
              "20.207.86.8",
              "20.207.86.20",
              "20.204.225.124",
              "20.204.225.195",
              "20.204.216.70",
              "20.204.219.52",
              "20.204.223.59",
              "20.204.223.206",
              "20.204.223.40",
              "20.207.104.35",
              "20.207.104.51",
              "20.207.104.68",
              "20.207.104.100",
              "20.207.105.49",
              "20.204.221.132",
              "20.207.105.67",
              "20.204.223.52",
              "20.204.223.102",
              "20.207.105.105",
              "20.192.170.10"
            ],
            "possible_outbound_ip_addresses": "20.207.85.205,20.204.225.3,20.207.85.101,20.207.85.252,20.207.82.86,20.207.86.8,20.207.86.20,20.204.225.124,20.204.225.195,20.204.216.70,20.204.219.52,20.204.223.59,20.204.223.206,20.204.223.40,20.207.104.35,20.207.104.51,20.207.104.68,20.207.104.100,20.207.105.49,20.204.221.132,20.207.105.67,20.204.223.52,20.204.223.102,20.207.105.105,20.192.170.10",
            "resource_group_name": "webapp_g1",
            "service_plan_id": "/subscriptions/727569fb-5294-4ca5-9005-466abf5d33f1/resourceGroups/webapp_g1/providers/Microsoft.Web/serverfarms/webappplan",
            "site_config": [
              {
                "always_on": false,
                "api_definition_url": "",
                "api_management_api_id": "",
                "app_command_line": "",
                "application_stack": [
                  {
                    "docker_image": "",
                    "docker_image_tag": "",
                    "dotnet_version": "6.0",
                    "java_server": "",
                    "java_server_version": "",
                    "java_version": "",
                    "node_version": "",
                    "php_version": "",
                    "python_version": "",
                    "ruby_version": ""
                  }
                ],
                "auto_heal_enabled": false,
                "auto_heal_setting": [],
                "container_registry_managed_identity_client_id": "",
                "container_registry_use_managed_identity": false,
                "cors": [],
                "default_documents": [
                  "Default.htm",
                  "Default.html",
                  "Default.asp",
                  "index.htm",
                  "index.html",
                  "iisstart.htm",
                  "default.aspx",
                  "index.php",
                  "hostingstart.html"
                ],
                "detailed_error_logging_enabled": false,
                "ftps_state": "Disabled",
                "health_check_eviction_time_in_min": 0,
                "health_check_path": "",
                "http2_enabled": false,
                "ip_restriction": [],
                "linux_fx_version": "DOTNETCORE|6.0",
                "load_balancing_mode": "LeastRequests",
                "local_mysql_enabled": false,
                "managed_pipeline_mode": "Integrated",
                "minimum_tls_version": "1.2",
                "remote_debugging_enabled": false,
                "remote_debugging_version": "VS2019",
                "scm_ip_restriction": [],
                "scm_minimum_tls_version": "1.2",
                "scm_type": "None",
                "scm_use_main_ip_restriction": false,
                "use_32_bit_worker": true,
                "vnet_route_all_enabled": false,
                "websockets_enabled": false,
                "worker_count": 1
              }
            ],
            "site_credential": [
              {
                "name": "$wepappservice",
                "password": "HrpcqybBX1o7NHchW364aooXHmHkpua9JXlSarQqdDAFeqClLoam29g2LpHg"
              }
            ],
            "sticky_settings": [],
            "storage_account": [],
            "tags": null,
            "timeouts": null,
            "virtual_network_subnet_id": "",
            "zip_deploy_file": ""
          },
          "sensitive_attributes": [],
          "private": "eyJlMmJmYjczMC1lY2FhLTExZTYtOGY4OC0zNDM2M2JjN2M0YzAiOnsiY3JlYXRlIjoxODAwMDAwMDAwMDAwLCJkZWxldGUiOjE4MDAwMDAwMDAwMDAsInJlYWQiOjMwMDAwMDAwMDAwMCwidXBkYXRlIjoxODAwMDAwMDAwMDAwfX0=",
          "dependencies": [
            "azurerm_resource_group.rg",
            "azurerm_service_plan.plan"
          ]
        }
      ]
    },
    {
      "mode": "managed",
      "type": "azurerm_resource_group",
      "name": "rg",
      "provider": "provider[\"registry.terraform.io/hashicorp/azurerm\"]",
      "instances": [
        {
          "schema_version": 0,
          "attributes": {
            "id": "/subscriptions/727569fb-5294-4ca5-9005-466abf5d33f1/resourceGroups/webapp_g1",
            "location": "centralindia",
            "name": "webapp_g1",
            "tags": null,
            "timeouts": null
          },
          "sensitive_attributes": [],
          "private": "eyJlMmJmYjczMC1lY2FhLTExZTYtOGY4OC0zNDM2M2JjN2M0YzAiOnsiY3JlYXRlIjo1NDAwMDAwMDAwMDAwLCJkZWxldGUiOjU0MDAwMDAwMDAwMDAsInJlYWQiOjMwMDAwMDAwMDAwMCwidXBkYXRlIjo1NDAwMDAwMDAwMDAwfX0="
        }
      ]
    },
    {
      "mode": "managed",
      "type": "azurerm_service_plan",
      "name": "plan",
      "provider": "provider[\"registry.terraform.io/hashicorp/azurerm\"]",
      "instances": [
        {
          "schema_version": 0,
          "attributes": {
            "app_service_environment_id": "",
            "id": "/subscriptions/727569fb-5294-4ca5-9005-466abf5d33f1/resourceGroups/webapp_g1/providers/Microsoft.Web/serverfarms/webappplan",
            "kind": "linux",
            "location": "centralindia",
            "maximum_elastic_worker_count": 1,
            "name": "webappplan",
            "os_type": "Linux",
            "per_site_scaling_enabled": false,
            "reserved": true,
            "resource_group_name": "webapp_g1",
            "sku_name": "S1",
            "tags": null,
            "timeouts": null,
            "worker_count": 1,
            "zone_balancing_enabled": false
          },
          "sensitive_attributes": [],
          "private": "eyJlMmJmYjczMC1lY2FhLTExZTYtOGY4OC0zNDM2M2JjN2M0YzAiOnsiY3JlYXRlIjozNjAwMDAwMDAwMDAwLCJkZWxldGUiOjM2MDAwMDAwMDAwMDAsInJlYWQiOjMwMDAwMDAwMDAwMCwidXBkYXRlIjozNjAwMDAwMDAwMDAwfX0=",
          "dependencies": [
            "azurerm_resource_group.rg"
          ]
        }
      ]
    }
  ]
}
