{"format_version":"1.1","terraform_version":"1.2.5","variables":{"location":{"value":"central india"},"network_interface_name":{"value":"nicbastion"},"public_ip_name":{"value":"publicipbastion"},"resource_group_name":{"value":"vm_with_bastion"},"subnet_name":{"value":"subnetprod"},"virtual_network_name":{"value":"vnbast"},"windows_vm_name":{"value":"windows10"}},"planned_values":{"outputs":{"vm_id":{"sensitive":false},"vm_ip":{"sensitive":false}},"root_module":{"resources":[{"address":"azurerm_bastion_host.bastion","mode":"managed","type":"azurerm_bastion_host","name":"bastion","provider_name":"registry.terraform.io/hashicorp/azurerm","schema_version":0,"values":{"copy_paste_enabled":true,"file_copy_enabled":false,"ip_configuration":[{"name":"configuration"}],"ip_connect_enabled":false,"location":"centralindia","name":"bastion","resource_group_name":"vm_with_bastion","scale_units":2,"shareable_link_enabled":false,"sku":"Basic","tags":null,"timeouts":null,"tunneling_enabled":false},"sensitive_values":{"ip_configuration":[{}]}},{"address":"azurerm_network_interface.vm","mode":"managed","type":"azurerm_network_interface","name":"vm","provider_name":"registry.terraform.io/hashicorp/azurerm","schema_version":0,"values":{"edge_zone":null,"enable_accelerated_networking":false,"enable_ip_forwarding":false,"ip_configuration":[{"name":"myNicConfiguration","private_ip_address_allocation":"Dynamic","private_ip_address_version":"IPv4","public_ip_address_id":null}],"location":"centralindia","name":"nicbastion","resource_group_name":"vm_with_bastion","tags":null,"timeouts":null},"sensitive_values":{"applied_dns_servers":[],"dns_servers":[],"ip_configuration":[{}],"private_ip_addresses":[]}},{"address":"azurerm_public_ip.bastion","mode":"managed","type":"azurerm_public_ip","name":"bastion","provider_name":"registry.terraform.io/hashicorp/azurerm","schema_version":0,"values":{"allocation_method":"Static","domain_name_label":null,"edge_zone":null,"idle_timeout_in_minutes":4,"ip_tags":null,"ip_version":"IPv4","location":"centralindia","name":"bastionip","public_ip_prefix_id":null,"resource_group_name":"vm_with_bastion","reverse_fqdn":null,"sku":"Standard","sku_tier":"Regional","tags":null,"timeouts":null,"zones":null},"sensitive_values":{}},{"address":"azurerm_resource_group.rg","mode":"managed","type":"azurerm_resource_group","name":"rg","provider_name":"registry.terraform.io/hashicorp/azurerm","schema_version":0,"values":{"location":"centralindia","name":"vm_with_bastion","tags":null,"timeouts":null},"sensitive_values":{}},{"address":"azurerm_subnet.bastion","mode":"managed","type":"azurerm_subnet","name":"bastion","provider_name":"registry.terraform.io/hashicorp/azurerm","schema_version":0,"values":{"address_prefixes":["10.0.1.0/27"],"delegation":[],"name":"AzureBastionSubnet","resource_group_name":"vm_with_bastion","service_endpoint_policy_ids":null,"service_endpoints":null,"timeouts":null,"virtual_network_name":"vnbast"},"sensitive_values":{"address_prefixes":[false],"delegation":[]}},{"address":"azurerm_subnet.vm","mode":"managed","type":"azurerm_subnet","name":"vm","provider_name":"registry.terraform.io/hashicorp/azurerm","schema_version":0,"values":{"address_prefixes":["10.0.0.0/24"],"delegation":[],"name":"subnetprod","resource_group_name":"vm_with_bastion","service_endpoint_policy_ids":null,"service_endpoints":null,"timeouts":null,"virtual_network_name":"vnbast"},"sensitive_values":{"address_prefixes":[false],"delegation":[]}},{"address":"azurerm_virtual_network.vnet","mode":"managed","type":"azurerm_virtual_network","name":"vnet","provider_name":"registry.terraform.io/hashicorp/azurerm","schema_version":0,"values":{"address_space":["10.0.0.0/16"],"bgp_community":null,"ddos_protection_plan":[],"edge_zone":null,"flow_timeout_in_minutes":null,"location":"centralindia","name":"vnbast","resource_group_name":"vm_with_bastion","tags":null,"timeouts":null},"sensitive_values":{"address_space":[false],"ddos_protection_plan":[],"dns_servers":[],"subnet":[]}},{"address":"azurerm_windows_virtual_machine.vm","mode":"managed","type":"azurerm_windows_virtual_machine","name":"vm","provider_name":"registry.terraform.io/hashicorp/azurerm","schema_version":0,"values":{"additional_capabilities":[],"additional_unattend_content":[],"admin_password":"@Aa123456789","admin_username":"ambika","allow_extension_operations":true,"availability_set_id":null,"boot_diagnostics":[],"capacity_reservation_group_id":null,"custom_data":null,"dedicated_host_group_id":null,"dedicated_host_id":null,"edge_zone":null,"enable_automatic_updates":true,"encryption_at_host_enabled":null,"eviction_policy":null,"extensions_time_budget":"PT1H30M","hotpatching_enabled":false,"identity":[],"license_type":null,"location":"centralindia","max_bid_price":-1,"name":"windows10","os_disk":[{"caching":"ReadWrite","diff_disk_settings":[],"disk_encryption_set_id":null,"name":"myOsDisk","secure_vm_disk_encryption_set_id":null,"security_encryption_type":null,"storage_account_type":"Standard_LRS","write_accelerator_enabled":false}],"patch_mode":"AutomaticByOS","plan":[],"platform_fault_domain":-1,"priority":"Regular","provision_vm_agent":true,"proximity_placement_group_id":null,"resource_group_name":"vm_with_bastion","secret":[],"secure_boot_enabled":null,"size":"Standard_DS1_v2","source_image_id":null,"source_image_reference":[{"offer":"Windows-10","publisher":"MicrosoftWindowsDesktop","sku":"20h1-pro-g2","version":"latest"}],"tags":null,"timeouts":null,"timezone":null,"user_data":null,"virtual_machine_scale_set_id":null,"vtpm_enabled":null,"winrm_listener":[],"zone":null},"sensitive_values":{"additional_capabilities":[],"additional_unattend_content":[],"boot_diagnostics":[],"identity":[],"network_interface_ids":[],"os_disk":[{"diff_disk_settings":[]}],"plan":[],"private_ip_addresses":[],"public_ip_addresses":[],"secret":[],"source_image_reference":[{}],"termination_notification":[],"winrm_listener":[]}}]}},"resource_changes":[{"address":"azurerm_bastion_host.bastion","mode":"managed","type":"azurerm_bastion_host","name":"bastion","provider_name":"registry.terraform.io/hashicorp/azurerm","change":{"actions":["create"],"before":null,"after":{"copy_paste_enabled":true,"file_copy_enabled":false,"ip_configuration":[{"name":"configuration"}],"ip_connect_enabled":false,"location":"centralindia","name":"bastion","resource_group_name":"vm_with_bastion","scale_units":2,"shareable_link_enabled":false,"sku":"Basic","tags":null,"timeouts":null,"tunneling_enabled":false},"after_unknown":{"dns_name":true,"id":true,"ip_configuration":[{"public_ip_address_id":true,"subnet_id":true}]},"before_sensitive":false,"after_sensitive":{"ip_configuration":[{}]}}},{"address":"azurerm_network_interface.vm","mode":"managed","type":"azurerm_network_interface","name":"vm","provider_name":"registry.terraform.io/hashicorp/azurerm","change":{"actions":["create"],"before":null,"after":{"edge_zone":null,"enable_accelerated_networking":false,"enable_ip_forwarding":false,"ip_configuration":[{"name":"myNicConfiguration","private_ip_address_allocation":"Dynamic","private_ip_address_version":"IPv4","public_ip_address_id":null}],"location":"centralindia","name":"nicbastion","resource_group_name":"vm_with_bastion","tags":null,"timeouts":null},"after_unknown":{"applied_dns_servers":true,"dns_servers":true,"id":true,"internal_dns_name_label":true,"internal_domain_name_suffix":true,"ip_configuration":[{"gateway_load_balancer_frontend_ip_configuration_id":true,"primary":true,"private_ip_address":true,"subnet_id":true}],"mac_address":true,"private_ip_address":true,"private_ip_addresses":true,"virtual_machine_id":true},"before_sensitive":false,"after_sensitive":{"applied_dns_servers":[],"dns_servers":[],"ip_configuration":[{}],"private_ip_addresses":[]}}},{"address":"azurerm_public_ip.bastion","mode":"managed","type":"azurerm_public_ip","name":"bastion","provider_name":"registry.terraform.io/hashicorp/azurerm","change":{"actions":["create"],"before":null,"after":{"allocation_method":"Static","domain_name_label":null,"edge_zone":null,"idle_timeout_in_minutes":4,"ip_tags":null,"ip_version":"IPv4","location":"centralindia","name":"bastionip","public_ip_prefix_id":null,"resource_group_name":"vm_with_bastion","reverse_fqdn":null,"sku":"Standard","sku_tier":"Regional","tags":null,"timeouts":null,"zones":null},"after_unknown":{"fqdn":true,"id":true,"ip_address":true},"before_sensitive":false,"after_sensitive":{}}},{"address":"azurerm_resource_group.rg","mode":"managed","type":"azurerm_resource_group","name":"rg","provider_name":"registry.terraform.io/hashicorp/azurerm","change":{"actions":["create"],"before":null,"after":{"location":"centralindia","name":"vm_with_bastion","tags":null,"timeouts":null},"after_unknown":{"id":true},"before_sensitive":false,"after_sensitive":{}}},{"address":"azurerm_subnet.bastion","mode":"managed","type":"azurerm_subnet","name":"bastion","provider_name":"registry.terraform.io/hashicorp/azurerm","change":{"actions":["create"],"before":null,"after":{"address_prefixes":["10.0.1.0/27"],"delegation":[],"name":"AzureBastionSubnet","resource_group_name":"vm_with_bastion","service_endpoint_policy_ids":null,"service_endpoints":null,"timeouts":null,"virtual_network_name":"vnbast"},"after_unknown":{"address_prefixes":[false],"delegation":[],"enforce_private_link_endpoint_network_policies":true,"enforce_private_link_service_network_policies":true,"id":true,"private_endpoint_network_policies_enabled":true,"private_link_service_network_policies_enabled":true},"before_sensitive":false,"after_sensitive":{"address_prefixes":[false],"delegation":[]}}},{"address":"azurerm_subnet.vm","mode":"managed","type":"azurerm_subnet","name":"vm","provider_name":"registry.terraform.io/hashicorp/azurerm","change":{"actions":["create"],"before":null,"after":{"address_prefixes":["10.0.0.0/24"],"delegation":[],"name":"subnetprod","resource_group_name":"vm_with_bastion","service_endpoint_policy_ids":null,"service_endpoints":null,"timeouts":null,"virtual_network_name":"vnbast"},"after_unknown":{"address_prefixes":[false],"delegation":[],"enforce_private_link_endpoint_network_policies":true,"enforce_private_link_service_network_policies":true,"id":true,"private_endpoint_network_policies_enabled":true,"private_link_service_network_policies_enabled":true},"before_sensitive":false,"after_sensitive":{"address_prefixes":[false],"delegation":[]}}},{"address":"azurerm_virtual_network.vnet","mode":"managed","type":"azurerm_virtual_network","name":"vnet","provider_name":"registry.terraform.io/hashicorp/azurerm","change":{"actions":["create"],"before":null,"after":{"address_space":["10.0.0.0/16"],"bgp_community":null,"ddos_protection_plan":[],"edge_zone":null,"flow_timeout_in_minutes":null,"location":"centralindia","name":"vnbast","resource_group_name":"vm_with_bastion","tags":null,"timeouts":null},"after_unknown":{"address_space":[false],"ddos_protection_plan":[],"dns_servers":true,"guid":true,"id":true,"subnet":true},"before_sensitive":false,"after_sensitive":{"address_space":[false],"ddos_protection_plan":[],"dns_servers":[],"subnet":[]}}},{"address":"azurerm_windows_virtual_machine.vm","mode":"managed","type":"azurerm_windows_virtual_machine","name":"vm","provider_name":"registry.terraform.io/hashicorp/azurerm","change":{"actions":["create"],"before":null,"after":{"additional_capabilities":[],"additional_unattend_content":[],"admin_password":"@Aa123456789","admin_username":"ambika","allow_extension_operations":true,"availability_set_id":null,"boot_diagnostics":[],"capacity_reservation_group_id":null,"custom_data":null,"dedicated_host_group_id":null,"dedicated_host_id":null,"edge_zone":null,"enable_automatic_updates":true,"encryption_at_host_enabled":null,"eviction_policy":null,"extensions_time_budget":"PT1H30M","hotpatching_enabled":false,"identity":[],"license_type":null,"location":"centralindia","max_bid_price":-1,"name":"windows10","os_disk":[{"caching":"ReadWrite","diff_disk_settings":[],"disk_encryption_set_id":null,"name":"myOsDisk","secure_vm_disk_encryption_set_id":null,"security_encryption_type":null,"storage_account_type":"Standard_LRS","write_accelerator_enabled":false}],"patch_mode":"AutomaticByOS","plan":[],"platform_fault_domain":-1,"priority":"Regular","provision_vm_agent":true,"proximity_placement_group_id":null,"resource_group_name":"vm_with_bastion","secret":[],"secure_boot_enabled":null,"size":"Standard_DS1_v2","source_image_id":null,"source_image_reference":[{"offer":"Windows-10","publisher":"MicrosoftWindowsDesktop","sku":"20h1-pro-g2","version":"latest"}],"tags":null,"timeouts":null,"timezone":null,"user_data":null,"virtual_machine_scale_set_id":null,"vtpm_enabled":null,"winrm_listener":[],"zone":null},"after_unknown":{"additional_capabilities":[],"additional_unattend_content":[],"boot_diagnostics":[],"computer_name":true,"id":true,"identity":[],"network_interface_ids":true,"os_disk":[{"diff_disk_settings":[],"disk_size_gb":true}],"plan":[],"private_ip_address":true,"private_ip_addresses":true,"public_ip_address":true,"public_ip_addresses":true,"secret":[],"source_image_reference":[{}],"termination_notification":true,"virtual_machine_id":true,"winrm_listener":[]},"before_sensitive":false,"after_sensitive":{"additional_capabilities":[],"additional_unattend_content":[],"admin_password":true,"boot_diagnostics":[],"custom_data":true,"identity":[],"network_interface_ids":[],"os_disk":[{"diff_disk_settings":[]}],"plan":[],"private_ip_addresses":[],"public_ip_addresses":[],"secret":[],"source_image_reference":[{}],"termination_notification":[],"winrm_listener":[]}}}],"output_changes":{"vm_id":{"actions":["create"],"before":null,"after_unknown":true,"before_sensitive":false,"after_sensitive":false},"vm_ip":{"actions":["create"],"before":null,"after_unknown":true,"before_sensitive":false,"after_sensitive":false}},"configuration":{"provider_config":{"azurerm":{"name":"azurerm","full_name":"registry.terraform.io/hashicorp/azurerm","version_constraint":"3.18.0","expressions":{"client_id":{"constant_value":"969d33f2-743f-45d4-9866-8e995f507836"},"client_secret":{"constant_value":"l~M8Q~pyPfCfwXNAHfZN1rkXFrHkxRyQyC9TpbWI"},"features":[{}],"subscription_id":{"constant_value":"a52b7487-b59c-45f4-b7ce-2a69748e9fc9"},"tenant_id":{"constant_value":"1ca85363-714b-432b-b048-5c7a9f896d62"}}}},"root_module":{"outputs":{"vm_id":{"expression":{"references":["azurerm_windows_virtual_machine.vm.id","azurerm_windows_virtual_machine.vm"]}},"vm_ip":{"expression":{"references":["azurerm_windows_virtual_machine.vm.public_ip_address","azurerm_windows_virtual_machine.vm"]}}},"resources":[{"address":"azurerm_bastion_host.bastion","mode":"managed","type":"azurerm_bastion_host","name":"bastion","provider_config_key":"azurerm","expressions":{"ip_configuration":[{"name":{"constant_value":"configuration"},"public_ip_address_id":{"references":["azurerm_public_ip.bastion.id","azurerm_public_ip.bastion"]},"subnet_id":{"references":["azurerm_subnet.bastion.id","azurerm_subnet.bastion"]}}],"location":{"references":["var.location"]},"name":{"constant_value":"bastion"},"resource_group_name":{"references":["azurerm_resource_group.rg.name","azurerm_resource_group.rg"]}},"schema_version":0},{"address":"azurerm_network_interface.vm","mode":"managed","type":"azurerm_network_interface","name":"vm","provider_config_key":"azurerm","expressions":{"ip_configuration":[{"name":{"constant_value":"myNicConfiguration"},"private_ip_address_allocation":{"constant_value":"Dynamic"},"subnet_id":{"references":["azurerm_subnet.vm.id","azurerm_subnet.vm"]}}],"location":{"references":["var.location"]},"name":{"references":["var.network_interface_name"]},"resource_group_name":{"references":["azurerm_resource_group.rg.name","azurerm_resource_group.rg"]}},"schema_version":0},{"address":"azurerm_public_ip.bastion","mode":"managed","type":"azurerm_public_ip","name":"bastion","provider_config_key":"azurerm","expressions":{"allocation_method":{"constant_value":"Static"},"location":{"references":["var.location"]},"name":{"constant_value":"bastionip"},"resource_group_name":{"references":["azurerm_resource_group.rg.name","azurerm_resource_group.rg"]},"sku":{"constant_value":"Standard"}},"schema_version":0},{"address":"azurerm_resource_group.rg","mode":"managed","type":"azurerm_resource_group","name":"rg","provider_config_key":"azurerm","expressions":{"location":{"references":["var.location"]},"name":{"references":["var.resource_group_name"]}},"schema_version":0},{"address":"azurerm_subnet.bastion","mode":"managed","type":"azurerm_subnet","name":"bastion","provider_config_key":"azurerm","expressions":{"address_prefixes":{"constant_value":["10.0.1.0/27"]},"name":{"constant_value":"AzureBastionSubnet"},"resource_group_name":{"references":["azurerm_resource_group.rg.name","azurerm_resource_group.rg"]},"virtual_network_name":{"references":["azurerm_virtual_network.vnet.name","azurerm_virtual_network.vnet"]}},"schema_version":0},{"address":"azurerm_subnet.vm","mode":"managed","type":"azurerm_subnet","name":"vm","provider_config_key":"azurerm","expressions":{"address_prefixes":{"constant_value":["10.0.0.0/24"]},"name":{"references":["var.subnet_name"]},"resource_group_name":{"references":["azurerm_resource_group.rg.name","azurerm_resource_group.rg"]},"virtual_network_name":{"references":["azurerm_virtual_network.vnet.name","azurerm_virtual_network.vnet"]}},"schema_version":0},{"address":"azurerm_virtual_network.vnet","mode":"managed","type":"azurerm_virtual_network","name":"vnet","provider_config_key":"azurerm","expressions":{"address_space":{"constant_value":["10.0.0.0/16"]},"location":{"references":["var.location"]},"name":{"references":["var.virtual_network_name"]},"resource_group_name":{"references":["azurerm_resource_group.rg.name","azurerm_resource_group.rg"]}},"schema_version":0},{"address":"azurerm_windows_virtual_machine.vm","mode":"managed","type":"azurerm_windows_virtual_machine","name":"vm","provider_config_key":"azurerm","expressions":{"admin_password":{"constant_value":"@Aa123456789"},"admin_username":{"constant_value":"ambika"},"location":{"references":["var.location"]},"name":{"references":["var.windows_vm_name"]},"network_interface_ids":{"references":["azurerm_network_interface.vm.id","azurerm_network_interface.vm"]},"os_disk":[{"caching":{"constant_value":"ReadWrite"},"name":{"constant_value":"myOsDisk"},"storage_account_type":{"constant_value":"Standard_LRS"}}],"resource_group_name":{"references":["azurerm_resource_group.rg.name","azurerm_resource_group.rg"]},"size":{"constant_value":"Standard_DS1_v2"},"source_image_reference":[{"offer":{"constant_value":"Windows-10"},"publisher":{"constant_value":"MicrosoftWindowsDesktop"},"sku":{"constant_value":"20h1-pro-g2"},"version":{"constant_value":"latest"}}]},"schema_version":0}],"variables":{"location":{"description":"RG location in Azure"},"network_interface_name":{"description":"NIC name in Azure"},"public_ip_name":{"description":"Public IP name in Azure"},"resource_group_name":{"description":"RG name in Azure"},"subnet_name":{"description":"Subnet name in Azure"},"virtual_network_name":{"description":"VNET name in Azure"},"windows_vm_name":{"description":"Windows VM name in Azure"}}}},"relevant_attributes":[{"resource":"azurerm_resource_group.rg","attribute":["name"]},{"resource":"azurerm_virtual_network.vnet","attribute":["name"]},{"resource":"azurerm_public_ip.bastion","attribute":["id"]},{"resource":"azurerm_subnet.bastion","attribute":["id"]},{"resource":"azurerm_subnet.vm","attribute":["id"]},{"resource":"azurerm_network_interface.vm","attribute":["id"]},{"resource":"azurerm_windows_virtual_machine.vm","attribute":["public_ip_address"]},{"resource":"azurerm_windows_virtual_machine.vm","attribute":["id"]}]}
